lockfileVersion: '9.0'

settings:
  autoInstallPeers: true
  excludeLinksFromLockfile: false

importers:

  .:
    dependencies:
      '@playwright/mcp':
        specifier: 0.0.83
        version: 0.0.83

packages:

  '@playwright/mcp@0.0.83':
    resolution: {integrity: sha512-oNcl+Ae2/IAjhfPeP46BfIkSakfmprY+aOtkv5MjrQ4lPav4/yNtPhL0iq8SlIM90oApWgBDUxaNKvktazUKOg==}
    engines: {node: '>=18'}
    hasBin: true

  playwright-core@1.64.0-alpha-1790635538000:
    resolution: {integrity: sha512-pNwaXirhXMRLaRQs4NQ18EpTdtDoFwyPH9FOaaDC7YXG4hpwE2xmwCic/1srbuExVQC7zT9LJSJpDBAru+Vo9A==}
    engines: {node: '>=20'}
    hasBin: true

  playwright@1.64.0-alpha-1790635538000:
    resolution: {integrity: sha512-/5XDUMxpOd/9AojJtWDFIRV3EJZNQ0AwvK69wgt3CPzy8wTgiBG9pX45VfxtqtvIRGwfWzMhrvawNKreG69Snw==}
    engines: {node: '>=20'}
    hasBin: true

snapshots:

  '@playwright/mcp@0.0.83':
    dependencies:
      playwright: 1.64.0-alpha-1790635538000
      playwright-core: 1.64.0-alpha-1790635538000

  playwright-core@1.64.0-alpha-1790635538000: {}

  playwright@1.64.0-alpha-1790635538000:
    dependencies:
      playwright-core: 1.64.0-alpha-1790635538000
