lockfileVersion: '9.0'

settings:
  autoInstallPeers: true
  excludeLinksFromLockfile: false

importers:

  .:
    dependencies:
      '@devcontainers/cli':
        specifier: 0.89.0
        version: 0.89.0

packages:

  '@devcontainers/cli@0.89.0':
    resolution: {integrity: sha512-LzaoOGKQ/Zql6PsiZ4hVIYVZagzWkD65aG/1ou5/Kly5Y1PtjLg1yn7qu+LZCzVoAl6DZZ/pbz8qOO4RLNlqMg==}
    engines: {node: '>=20.0.0'}
    hasBin: true

snapshots:

  '@devcontainers/cli@0.89.0': {}
