lockfileVersion: '9.0'

settings:
  autoInstallPeers: true
  excludeLinksFromLockfile: false

importers:

  .:
    dependencies:
      '@opencode/cli':
        specifier: 2.0.21
        version: 2.0.21

packages:

  '@opencode/cli-darwin-arm64@2.0.21':
    resolution: {integrity: sha512-dspUnJ767TClh6LqJ0y4/V1EbGVDjfmWsp+AJjLxhGR47q/ySvzZz2tNIDbX/q8lHC1Cpj3sUBdZ/6Vk8rOBSw==}
    cpu: [arm64]
    os: [darwin]

  '@opencode/cli-darwin-x64-baseline@2.0.21':
    resolution: {integrity: sha512-pu1EK2F3vAm5Vk4Ej2PEJtCtrThsVX/cbS7kBJjOTHL3W0+d1dDyUmThdj9hSQDK05u33JyghnyxM63w50CvCg==}
    cpu: [x64]
    os: [darwin]

  '@opencode/cli-darwin-x64@2.0.21':
    resolution: {integrity: sha512-F1LkTx0gFcLDHAudmM0bHVkoWbi7hMEVGwF0PoH1G/GAUvRaERhr16YY9jIh2cSleY/SEm+Mg2N5E5cwugqlqg==}
    cpu: [x64]
    os: [darwin]

  '@opencode/cli-linux-arm64-musl@2.0.21':
    resolution: {integrity: sha512-P3fNeEtNZ24vEXy4/fpce7PLUx4cIWVGJ0xOgrdxEa75koHRRzPYtmLfuoO6+UVnpINiUVixZhK5ORopjKGstg==}
    cpu: [arm64]
    os: [linux]

  '@opencode/cli-linux-arm64@2.0.21':
    resolution: {integrity: sha512-2P8Ah4Ae9TylSrNy6Bo9x9MpsafvmylM0HJ4jHsY0m4BsdXpZOw1r8J6q8OTpuus6CUOuTYAgWZnPxEQO9GaIw==}
    cpu: [arm64]
    os: [linux]

  '@opencode/cli-linux-x64-baseline-musl@2.0.21':
    resolution: {integrity: sha512-zo+YgzUOVZBI7jflMezkmaCVB+PIQZDiGMmlSnKnGY3SeXYPde0UI2vsbFtRUKXsjds1sifxzkYUC0LT3vw34Q==}
    cpu: [x64]
    os: [linux]

  '@opencode/cli-linux-x64-baseline@2.0.21':
    resolution: {integrity: sha512-I/j7CToqgcBUOpOFRsmJdhCjOkQptrpZm00t6/ZvKeGqQcKjj49lIEZV+makXIRVRoslg3aO4nz24dz1PqXS4w==}
    cpu: [x64]
    os: [linux]

  '@opencode/cli-linux-x64-musl@2.0.21':
    resolution: {integrity: sha512-1uQPt081o9qIDNG1S+MYFFIUREftm7zKkGf0+AF908pJAI046XpkHLplA8plscfCTLguNA1xTItxw1JkDW2S2A==}
    cpu: [x64]
    os: [linux]

  '@opencode/cli-linux-x64@2.0.21':
    resolution: {integrity: sha512-intPGPRrEoZk+5Qq2dzYcq3Wv07vWvQrv56WieurupI9jGJSEAfT4a9Pi6YMW4tEW6SapAds/95K0egVS2YwiA==}
    cpu: [x64]
    os: [linux]

  '@opencode/cli-windows-arm64@2.0.21':
    resolution: {integrity: sha512-B76EcVEdsMz4SS6T/LwDWKkcUL5TCQnzYH35Wzfpgp0+/Thw8SrwGYGxoQ4IbkZejCi7CgUB3ruFdHdJgXoe1w==}
    cpu: [arm64]
    os: [win32]

  '@opencode/cli-windows-x64-baseline@2.0.21':
    resolution: {integrity: sha512-JM69TOtpG2kVjTp0H2Ik6LeEy0ywYzWrFd/BVCShR0ngKFTQBYMxhwaNG+s3HihriQd1xnbtXOU8MF6A6X44LA==}
    cpu: [x64]
    os: [win32]

  '@opencode/cli-windows-x64@2.0.21':
    resolution: {integrity: sha512-qhWhsaEvigkj7TCFQAX81uouMQFG6klvX/yLkT7uHZM/FKuoOtr8rajJ+2NdzO/fVf2ffxI6ZuPlVlhQSHHPLA==}
    cpu: [x64]
    os: [win32]

  '@opencode/cli@2.0.21':
    resolution: {integrity: sha512-hXFVQlNX+usWsYR5xYxDl1pYyG525V7p0kAGI0Q/mhrLg/2FpyJwuw0bMVJ+fc4PxHKHPC0tsIwAG/8i3lusKg==}
    cpu: [arm64, x64]
    os: [darwin, linux, win32]
    hasBin: true

snapshots:

  '@opencode/cli-darwin-arm64@2.0.21':
    optional: true

  '@opencode/cli-darwin-x64-baseline@2.0.21':
    optional: true

  '@opencode/cli-darwin-x64@2.0.21':
    optional: true

  '@opencode/cli-linux-arm64-musl@2.0.21':
    optional: true

  '@opencode/cli-linux-arm64@2.0.21':
    optional: true

  '@opencode/cli-linux-x64-baseline-musl@2.0.21':
    optional: true

  '@opencode/cli-linux-x64-baseline@2.0.21':
    optional: true

  '@opencode/cli-linux-x64-musl@2.0.21':
    optional: true

  '@opencode/cli-linux-x64@2.0.21':
    optional: true

  '@opencode/cli-windows-arm64@2.0.21':
    optional: true

  '@opencode/cli-windows-x64-baseline@2.0.21':
    optional: true

  '@opencode/cli-windows-x64@2.0.21':
    optional: true

  '@opencode/cli@2.0.21':
    optionalDependencies:
      '@opencode/cli-darwin-arm64': 2.0.21
      '@opencode/cli-darwin-x64': 2.0.21
      '@opencode/cli-darwin-x64-baseline': 2.0.21
      '@opencode/cli-linux-arm64': 2.0.21
      '@opencode/cli-linux-arm64-musl': 2.0.21
      '@opencode/cli-linux-x64': 2.0.21
      '@opencode/cli-linux-x64-baseline': 2.0.21
      '@opencode/cli-linux-x64-baseline-musl': 2.0.21
      '@opencode/cli-linux-x64-musl': 2.0.21
      '@opencode/cli-windows-arm64': 2.0.21
      '@opencode/cli-windows-x64': 2.0.21
      '@opencode/cli-windows-x64-baseline': 2.0.21
