lockfileVersion: '9.0'

settings:
  autoInstallPeers: true
  excludeLinksFromLockfile: false

importers:

  .:
    dependencies:
      varlock:
        specifier: 1.21.1
        version: 1.21.1

packages:

  '@varlock/native-helper-darwin@1.21.1':
    resolution: {integrity: sha512-hh7lB6cO/qEVJTgPY5ebVicwnbM7ROkIWjOkZ+k6PYWaoyj+UrUTymF5nHkqzg0TaZ+EA5z/eboFoZhrbsOHGw==}
    os: [darwin]

  '@varlock/native-helper-linux-arm64@1.21.1':
    resolution: {integrity: sha512-ppN2UIrJKDVALBzZwVXzIokAch8j2eyeABEHZn5LkMS3auXBVdVVkqN9QPIe7/Ii91LIV5mwWMeVJrV1paTI5Q==}
    cpu: [arm64]
    os: [linux]

  '@varlock/native-helper-linux-x64@1.21.1':
    resolution: {integrity: sha512-jAbIyjBJ0gyyg4C95P7KXufXtCR/K624Gib/6CUasO6dBnYVJ0SpbK2Ym41jgDYlJuYgkLKJuUHSrGNcAflzcA==}
    cpu: [x64]
    os: [linux]

  '@varlock/native-helper-win32-x64@1.21.1':
    resolution: {integrity: sha512-HaEry0HnJPY+opHiNUgQvpQ1yFZMMIVmpLZExTinQXu9Im81aovoR1By6LQsx1H4qFDyeEqcq2glV74WzHCNyA==}
    os: [win32, linux]

  varlock@1.21.1:
    resolution: {integrity: sha512-Qfy8/3DBEDlPcfQ8gR/Qs7YA5ERmUT2g0GqMPwz/uL00UqP8/heAAUGrwoBO8H6l4tWjPG35Ews680I78Ci0Aw==}
    engines: {bun: '>=1.3.3', node: '>=22.3.0'}
    hasBin: true

snapshots:

  '@varlock/native-helper-darwin@1.21.1':
    optional: true

  '@varlock/native-helper-linux-arm64@1.21.1':
    optional: true

  '@varlock/native-helper-linux-x64@1.21.1':
    optional: true

  '@varlock/native-helper-win32-x64@1.21.1':
    optional: true

  varlock@1.21.1:
    optionalDependencies:
      '@varlock/native-helper-darwin': 1.21.1
      '@varlock/native-helper-linux-arm64': 1.21.1
      '@varlock/native-helper-linux-x64': 1.21.1
      '@varlock/native-helper-win32-x64': 1.21.1
