# @generated - this file is auto-generated by `mise lock` https://mise.en.dev/dev-tools/mise-lock.html

[[tools.argocd]]
version = "3.4.4"
backend = "aqua:argoproj/argo-cd"

[tools.argocd."platforms.linux-arm64"]
checksum = "sha256:ade7e2eff37230b9d19ea864f3ad51af4596416426244be8cb350a05cd4a0182"
url = "https://github.com/argoproj/argo-cd/releases/download/v3.4.4/argocd-linux-arm64"

[tools.argocd."platforms.linux-arm64".provenance.slsa]
url = "https://github.com/argoproj/argo-cd/releases/download/v3.4.4/argocd-cli.intoto.jsonl"

[tools.argocd."platforms.linux-arm64-musl"]
checksum = "sha256:ade7e2eff37230b9d19ea864f3ad51af4596416426244be8cb350a05cd4a0182"
url = "https://github.com/argoproj/argo-cd/releases/download/v3.4.4/argocd-linux-arm64"

[tools.argocd."platforms.linux-arm64-musl".provenance.slsa]
url = "https://github.com/argoproj/argo-cd/releases/download/v3.4.4/argocd-cli.intoto.jsonl"

[tools.argocd."platforms.linux-x64"]
checksum = "sha256:b93c312956880c9597a246a7d1e705fbb7ee7f19c5229affdec99b26d5663e09"
url = "https://github.com/argoproj/argo-cd/releases/download/v3.4.4/argocd-linux-amd64"

[tools.argocd."platforms.linux-x64".provenance.slsa]
url = "https://github.com/argoproj/argo-cd/releases/download/v3.4.4/argocd-cli.intoto.jsonl"

[tools.argocd."platforms.linux-x64-musl"]
checksum = "sha256:b93c312956880c9597a246a7d1e705fbb7ee7f19c5229affdec99b26d5663e09"
url = "https://github.com/argoproj/argo-cd/releases/download/v3.4.4/argocd-linux-amd64"

[tools.argocd."platforms.linux-x64-musl".provenance.slsa]
url = "https://github.com/argoproj/argo-cd/releases/download/v3.4.4/argocd-cli.intoto.jsonl"

[tools.argocd."platforms.macos-arm64"]
checksum = "sha256:300470f888139217590c3e6a7f05ee9f1ca0ea27e8f9587e14d02952505b4845"
url = "https://github.com/argoproj/argo-cd/releases/download/v3.4.4/argocd-darwin-arm64"

[tools.argocd."platforms.macos-arm64".provenance.slsa]
url = "https://github.com/argoproj/argo-cd/releases/download/v3.4.4/argocd-cli.intoto.jsonl"

[tools.argocd."platforms.macos-x64"]
checksum = "sha256:53523b2a55a41b6749697b06efe036767693b87aa7fe9e8eb7d72dc73250f143"
url = "https://github.com/argoproj/argo-cd/releases/download/v3.4.4/argocd-darwin-amd64"

[tools.argocd."platforms.macos-x64".provenance.slsa]
url = "https://github.com/argoproj/argo-cd/releases/download/v3.4.4/argocd-cli.intoto.jsonl"

[tools.argocd."platforms.windows-x64"]
checksum = "sha256:c25d18552ded8bd05df14334e542f03381ba84bab63b1528bf9125a62b5d40e7"
url = "https://github.com/argoproj/argo-cd/releases/download/v3.4.4/argocd-windows-amd64.exe"

[tools.argocd."platforms.windows-x64".provenance.slsa]
url = "https://github.com/argoproj/argo-cd/releases/download/v3.4.4/argocd-cli.intoto.jsonl"

[[tools."cargo:du-dust"]]
version = "1.2.4"
backend = "cargo:du-dust"

[[tools."cargo:forgejo-cli"]]
version = "0.5.0"
backend = "cargo:forgejo-cli"

[[tools."cargo:htmlq"]]
version = "0.4.0"
backend = "cargo:htmlq"

[[tools.dive]]
version = "0.13.1"
backend = "aqua:wagoodman/dive"

[tools.dive."platforms.linux-arm64"]
checksum = "sha256:2fcd2cf20f634ccdb41efac44048b204bfc867c115641f37a7420693ed480a18"
url = "https://github.com/wagoodman/dive/releases/download/v0.13.1/dive_0.13.1_linux_arm64.tar.gz"

[tools.dive."platforms.linux-arm64-musl"]
checksum = "sha256:2fcd2cf20f634ccdb41efac44048b204bfc867c115641f37a7420693ed480a18"
url = "https://github.com/wagoodman/dive/releases/download/v0.13.1/dive_0.13.1_linux_arm64.tar.gz"

[tools.dive."platforms.linux-x64"]
checksum = "sha256:0970549eb4a306f8825a84145a2534153badb4d7dcf3febd1967c706367c3d0e"
url = "https://github.com/wagoodman/dive/releases/download/v0.13.1/dive_0.13.1_linux_amd64.tar.gz"

[tools.dive."platforms.linux-x64-musl"]
checksum = "sha256:0970549eb4a306f8825a84145a2534153badb4d7dcf3febd1967c706367c3d0e"
url = "https://github.com/wagoodman/dive/releases/download/v0.13.1/dive_0.13.1_linux_amd64.tar.gz"

[tools.dive."platforms.macos-arm64"]
checksum = "sha256:38b7fa95a13e7f4d0b3060c875fe7427c2a0613ecff674bb45156eb34bca0b09"
url = "https://github.com/wagoodman/dive/releases/download/v0.13.1/dive_0.13.1_darwin_arm64.tar.gz"

[tools.dive."platforms.macos-x64"]
checksum = "sha256:04e4c1bac21be3aef99799cf0e470149a072ea4786be50718aa846cd13746523"
url = "https://github.com/wagoodman/dive/releases/download/v0.13.1/dive_0.13.1_darwin_amd64.tar.gz"

[tools.dive."platforms.windows-x64"]
checksum = "sha256:3e764ff28c7b89f4da679deac80483249fbbae3a1d512c103d54609eec09086a"
url = "https://github.com/wagoodman/dive/releases/download/v0.13.1/dive_0.13.1_windows_amd64.zip"

[[tools."github:babs/multiping"]]
version = "1.5.1"
backend = "github:babs/multiping"

[tools."github:babs/multiping"."platforms.linux-arm64"]
checksum = "sha256:9e9809bc7fdac8b7d4b2441ad0caee427975b6a3b555c7c00bb0c85ffa8c9ebb"
url = "https://github.com/babs/multiping/releases/download/v1.5.1/multiping-linux-arm64.xz"
url_api = "https://api.github.com/repos/babs/multiping/releases/assets/326469605"

[tools."github:babs/multiping"."platforms.linux-arm64-musl"]
checksum = "sha256:9e9809bc7fdac8b7d4b2441ad0caee427975b6a3b555c7c00bb0c85ffa8c9ebb"
url = "https://github.com/babs/multiping/releases/download/v1.5.1/multiping-linux-arm64.xz"
url_api = "https://api.github.com/repos/babs/multiping/releases/assets/326469605"

[tools."github:babs/multiping"."platforms.linux-x64"]
checksum = "sha256:b665ad757b5c4ce40e1366a31cce0c580024dbfe9f87607e22bc5976a64c061a"
url = "https://github.com/babs/multiping/releases/download/v1.5.1/multiping-linux-amd64.xz"
url_api = "https://api.github.com/repos/babs/multiping/releases/assets/326469597"

[tools."github:babs/multiping"."platforms.linux-x64-musl"]
checksum = "sha256:b665ad757b5c4ce40e1366a31cce0c580024dbfe9f87607e22bc5976a64c061a"
url = "https://github.com/babs/multiping/releases/download/v1.5.1/multiping-linux-amd64.xz"
url_api = "https://api.github.com/repos/babs/multiping/releases/assets/326469597"

[tools."github:babs/multiping"."platforms.macos-arm64"]
checksum = "sha256:6fd1bcd59f2d109ed4f565eeaf2f1d67845ef13601cb307dc558cee3c65b3c22"
url = "https://github.com/babs/multiping/releases/download/v1.5.1/multiping-darwin-arm64.xz"
url_api = "https://api.github.com/repos/babs/multiping/releases/assets/326469559"

[tools."github:babs/multiping"."platforms.macos-x64"]
checksum = "sha256:95d2458142d6f20bbbdb9f7aca4e3939cb4d84265a66830101d6e188877cb17b"
url = "https://github.com/babs/multiping/releases/download/v1.5.1/multiping-darwin-amd64.xz"
url_api = "https://api.github.com/repos/babs/multiping/releases/assets/326469556"

[tools."github:babs/multiping"."platforms.windows-x64"]
checksum = "sha256:799e7849ae91b4b3f3a1043ffcbb24175d0095c45c32858d2e97a55a70b7ee06"
url = "https://github.com/babs/multiping/releases/download/v1.5.1/multiping-windows-amd64.zip"
url_api = "https://api.github.com/repos/babs/multiping/releases/assets/326469657"

[[tools."github:bgreenwell/lstr"]]
version = "0.2.1"
backend = "github:bgreenwell/lstr"

[tools."github:bgreenwell/lstr"."platforms.linux-x64"]
checksum = "sha256:4408ed12f10fa596ae12a20108cfe5ead4a938a3a6a4b5ce5d1c7cdb696add3f"
url = "https://github.com/bgreenwell/lstr/releases/download/v0.2.1/lstr-linux-x86_64.tar.gz"
url_api = "https://api.github.com/repos/bgreenwell/lstr/releases/assets/266658086"

[tools."github:bgreenwell/lstr"."platforms.linux-x64-musl"]
checksum = "sha256:4408ed12f10fa596ae12a20108cfe5ead4a938a3a6a4b5ce5d1c7cdb696add3f"
url = "https://github.com/bgreenwell/lstr/releases/download/v0.2.1/lstr-linux-x86_64.tar.gz"
url_api = "https://api.github.com/repos/bgreenwell/lstr/releases/assets/266658086"

[tools."github:bgreenwell/lstr"."platforms.macos-arm64"]
checksum = "sha256:6b7fae4229d3d317defc774b9de5d079fb439fa2c40bb1e01b4099e182a8680c"
url = "https://github.com/bgreenwell/lstr/releases/download/v0.2.1/lstr-macos-arm64.tar.gz"
url_api = "https://api.github.com/repos/bgreenwell/lstr/releases/assets/266658100"

[tools."github:bgreenwell/lstr"."platforms.macos-x64"]
checksum = "sha256:554108574d4de9cfe9207dd3937e9b9d3df2b4cadfb66a9d2c4376bbff6a25df"
url = "https://github.com/bgreenwell/lstr/releases/download/v0.2.1/lstr-macos-x86_64.tar.gz"
url_api = "https://api.github.com/repos/bgreenwell/lstr/releases/assets/266658049"

[tools."github:bgreenwell/lstr"."platforms.windows-x64"]
checksum = "sha256:8296ee4593d4b9bfa77512e6f2b5a0c75f67703a7b4d3348b78ad75241e13f5e"
url = "https://github.com/bgreenwell/lstr/releases/download/v0.2.1/lstr-windows-x86_64.zip"
url_api = "https://api.github.com/repos/bgreenwell/lstr/releases/assets/266658595"

[[tools."github:dkarter/pdf-redact"]]
version = "0.2.7"
backend = "github:dkarter/pdf-redact"

[tools."github:dkarter/pdf-redact"."platforms.linux-x64"]
checksum = "sha256:dd88c665dc75704fb595a3e135f881cea81384e15bbca0bdb0a857d451f72a40"
url = "https://github.com/dkarter/pdf-redact/releases/download/v0.2.7/pdf-redact-v0.2.7-linux-x64.tar.gz"
url_api = "https://api.github.com/repos/dkarter/pdf-redact/releases/assets/352939669"

[tools."github:dkarter/pdf-redact"."platforms.linux-x64-musl"]
checksum = "sha256:dd88c665dc75704fb595a3e135f881cea81384e15bbca0bdb0a857d451f72a40"
url = "https://github.com/dkarter/pdf-redact/releases/download/v0.2.7/pdf-redact-v0.2.7-linux-x64.tar.gz"
url_api = "https://api.github.com/repos/dkarter/pdf-redact/releases/assets/352939669"

[tools."github:dkarter/pdf-redact"."platforms.macos-arm64"]
checksum = "sha256:131718ccee1730352f85685ddc687a3d60b33d6a6dd7c905719a82298e6976b1"
url = "https://github.com/dkarter/pdf-redact/releases/download/v0.2.7/pdf-redact-v0.2.7-darwin-arm64.tar.gz"
url_api = "https://api.github.com/repos/dkarter/pdf-redact/releases/assets/352939680"

[tools."github:dkarter/pdf-redact"."platforms.macos-x64"]
checksum = "sha256:108743b34ac46546aa3206af2d72c7dea2561de17712d56fc548e2d373e959ad"
url = "https://github.com/dkarter/pdf-redact/releases/download/v0.2.7/pdf-redact-v0.2.7-darwin-x64.tar.gz"
url_api = "https://api.github.com/repos/dkarter/pdf-redact/releases/assets/352940242"

[tools."github:dkarter/pdf-redact"."platforms.windows-x64"]
checksum = "sha256:0f5c3db766ac9f170de9c9df1e57872bc718034b74a798ce60bbdedccafba001"
url = "https://github.com/dkarter/pdf-redact/releases/download/v0.2.7/pdf-redact-v0.2.7-windows-x64.zip"
url_api = "https://api.github.com/repos/dkarter/pdf-redact/releases/assets/352940373"

[[tools."github:ip7z/7zip"]]
version = "26.02"
backend = "github:ip7z/7zip"

[tools."github:ip7z/7zip"."platforms.linux-arm64"]
checksum = "sha256:70ea6cc737ae1495ea2d7eb20ef3120fe579bd3f1a83a9d2362b62ec5bde2bba"
url = "https://github.com/ip7z/7zip/releases/download/26.02/7z2602-linux-arm64.tar.xz"
url_api = "https://api.github.com/repos/ip7z/7zip/releases/assets/458363897"

[tools."github:ip7z/7zip"."platforms.linux-arm64-musl"]
checksum = "sha256:70ea6cc737ae1495ea2d7eb20ef3120fe579bd3f1a83a9d2362b62ec5bde2bba"
url = "https://github.com/ip7z/7zip/releases/download/26.02/7z2602-linux-arm64.tar.xz"
url_api = "https://api.github.com/repos/ip7z/7zip/releases/assets/458363897"

[tools."github:ip7z/7zip"."platforms.linux-x64"]
checksum = "sha256:41aaba7b1235304ab5aa0624530c67ae829496cd29e875925271efdccc28c03e"
url = "https://github.com/ip7z/7zip/releases/download/26.02/7z2602-linux-x64.tar.xz"
url_api = "https://api.github.com/repos/ip7z/7zip/releases/assets/458363910"

[tools."github:ip7z/7zip"."platforms.linux-x64-musl"]
checksum = "sha256:41aaba7b1235304ab5aa0624530c67ae829496cd29e875925271efdccc28c03e"
url = "https://github.com/ip7z/7zip/releases/download/26.02/7z2602-linux-x64.tar.xz"
url_api = "https://api.github.com/repos/ip7z/7zip/releases/assets/458363910"

[tools."github:ip7z/7zip"."platforms.macos-arm64"]
checksum = "sha256:1cf6760579502f87e591ff5c73a005ec50b3e4d6f507e8b038382d563c3175b9"
url = "https://github.com/ip7z/7zip/releases/download/26.02/7z2602-mac.tar.xz"
url_api = "https://api.github.com/repos/ip7z/7zip/releases/assets/458364002"

[tools."github:ip7z/7zip"."platforms.macos-x64"]
checksum = "sha256:1cf6760579502f87e591ff5c73a005ec50b3e4d6f507e8b038382d563c3175b9"
url = "https://github.com/ip7z/7zip/releases/download/26.02/7z2602-mac.tar.xz"
url_api = "https://api.github.com/repos/ip7z/7zip/releases/assets/458364002"

[tools."github:ip7z/7zip"."platforms.windows-x64"]
checksum = "sha256:6745fa76dc2ea031596d8678f6f6b99c3c1b435b4164a63485adbbc7b8d82ef0"
url = "https://github.com/ip7z/7zip/releases/download/26.02/7z2602-x64.exe"
url_api = "https://api.github.com/repos/ip7z/7zip/releases/assets/458364082"

[[tools."github:kdash-rs/kdash"]]
version = "2.0.2"
backend = "github:kdash-rs/kdash"

[tools."github:kdash-rs/kdash"."platforms.linux-arm64"]
checksum = "sha256:c2f672fe346482630ee8f331ea36e9abe7a488856d8488fea1e9a8a270f489f6"
url = "https://github.com/kdash-rs/kdash/releases/download/v2.0.2/kdash-linux.tar.gz"
url_api = "https://api.github.com/repos/kdash-rs/kdash/releases/assets/461092484"

[tools."github:kdash-rs/kdash"."platforms.linux-arm64-musl"]
checksum = "sha256:7d2bfa6505c18b20ebcbc80c31a6ee1a02e0e2d1c0b69b49027f71f522a26920"
url = "https://github.com/kdash-rs/kdash/releases/download/v2.0.2/kdash-linux-musl.tar.gz"
url_api = "https://api.github.com/repos/kdash-rs/kdash/releases/assets/461092694"

[tools."github:kdash-rs/kdash"."platforms.linux-x64"]
checksum = "sha256:c2f672fe346482630ee8f331ea36e9abe7a488856d8488fea1e9a8a270f489f6"
url = "https://github.com/kdash-rs/kdash/releases/download/v2.0.2/kdash-linux.tar.gz"
url_api = "https://api.github.com/repos/kdash-rs/kdash/releases/assets/461092484"

[tools."github:kdash-rs/kdash"."platforms.linux-x64-musl"]
checksum = "sha256:7d2bfa6505c18b20ebcbc80c31a6ee1a02e0e2d1c0b69b49027f71f522a26920"
url = "https://github.com/kdash-rs/kdash/releases/download/v2.0.2/kdash-linux-musl.tar.gz"
url_api = "https://api.github.com/repos/kdash-rs/kdash/releases/assets/461092694"

[tools."github:kdash-rs/kdash"."platforms.macos-arm64"]
checksum = "sha256:a37d700ab1d3680c60e6690d84143e70e08ec4e7ea8edff000e991f3b99a708c"
url = "https://github.com/kdash-rs/kdash/releases/download/v2.0.2/kdash-macos-arm64.tar.gz"
url_api = "https://api.github.com/repos/kdash-rs/kdash/releases/assets/461091306"

[tools."github:kdash-rs/kdash"."platforms.macos-x64"]
checksum = "sha256:030447c76dc2b818ff8be61cb43973ec233060df6a0d23468afd915959b10ad7"
url = "https://github.com/kdash-rs/kdash/releases/download/v2.0.2/kdash-macos.tar.gz"
url_api = "https://api.github.com/repos/kdash-rs/kdash/releases/assets/461092257"

[tools."github:kdash-rs/kdash"."platforms.windows-x64"]
checksum = "sha256:712cf2687786a2f395b1e103cb0c1be363f9ad9bae551a8ebdf135b7ee2f2efc"
url = "https://github.com/kdash-rs/kdash/releases/download/v2.0.2/kdash-windows.tar.gz"
url_api = "https://api.github.com/repos/kdash-rs/kdash/releases/assets/461096955"

[[tools."github:mr-karan/doggo"]]
version = "1.2.0"
backend = "github:mr-karan/doggo"

[tools."github:mr-karan/doggo"."platforms.linux-arm64"]
checksum = "sha256:b15e3e56b1e1d2e4bb3bf81b292a49a1b55781465ab2cb858cdb7f081fd95d0f"
url = "https://github.com/mr-karan/doggo/releases/download/v1.2.0/doggo-linux-aarch64.tar.gz"
url_api = "https://api.github.com/repos/mr-karan/doggo/releases/assets/455378184"

[tools."github:mr-karan/doggo"."platforms.linux-arm64-musl"]
checksum = "sha256:b15e3e56b1e1d2e4bb3bf81b292a49a1b55781465ab2cb858cdb7f081fd95d0f"
url = "https://github.com/mr-karan/doggo/releases/download/v1.2.0/doggo-linux-aarch64.tar.gz"
url_api = "https://api.github.com/repos/mr-karan/doggo/releases/assets/455378184"

[tools."github:mr-karan/doggo"."platforms.linux-x64"]
checksum = "sha256:aa6760e7f163958e7626420447385ab938fdc127983edaceb121f809bd3e2bca"
url = "https://github.com/mr-karan/doggo/releases/download/v1.2.0/doggo-linux-x86_64.tar.gz"
url_api = "https://api.github.com/repos/mr-karan/doggo/releases/assets/455378176"

[tools."github:mr-karan/doggo"."platforms.linux-x64-musl"]
checksum = "sha256:aa6760e7f163958e7626420447385ab938fdc127983edaceb121f809bd3e2bca"
url = "https://github.com/mr-karan/doggo/releases/download/v1.2.0/doggo-linux-x86_64.tar.gz"
url_api = "https://api.github.com/repos/mr-karan/doggo/releases/assets/455378176"

[tools."github:mr-karan/doggo"."platforms.macos-arm64"]
checksum = "sha256:aa8b866d8bc96ce7a004f3d2f99c26e4bb0dd140c7bd151b2eb12a1d0b01cc06"
url = "https://github.com/mr-karan/doggo/releases/download/v1.2.0/doggo-darwin-aarch64.tar.gz"
url_api = "https://api.github.com/repos/mr-karan/doggo/releases/assets/455378202"

[tools."github:mr-karan/doggo"."platforms.macos-x64"]
checksum = "sha256:2d88ad833fd7616ae5e8908cf76593fbecfb5fd4463784afe8731686bee0cefe"
url = "https://github.com/mr-karan/doggo/releases/download/v1.2.0/doggo-darwin-x86_64.tar.gz"
url_api = "https://api.github.com/repos/mr-karan/doggo/releases/assets/455378251"

[tools."github:mr-karan/doggo"."platforms.windows-x64"]
checksum = "sha256:a84f677f7596c320f419cdc035adb64e89def37fb1ee6c57500a39742024e664"
url = "https://github.com/mr-karan/doggo/releases/download/v1.2.0/doggo-windows-x86_64.zip"
url_api = "https://api.github.com/repos/mr-karan/doggo/releases/assets/455378190"

[[tools."github:nushell/nushell"]]
version = "0.113.1"
backend = "github:nushell/nushell"

[tools."github:nushell/nushell"."platforms.linux-arm64"]
checksum = "sha256:08b94c6fd9c66881616df4c89adc03e8a42a57fdf6876cfd1b16cec7e82348b4"
url = "https://github.com/nushell/nushell/releases/download/0.113.1/nu-0.113.1-aarch64-unknown-linux-gnu.tar.gz"
url_api = "https://api.github.com/repos/nushell/nushell/releases/assets/433381741"

[tools."github:nushell/nushell"."platforms.linux-arm64-musl"]
checksum = "sha256:7b973e826760d337e73ac6fb9c53bac15dbe66dba50ec439f02e8eaa1d1c2c77"
url = "https://github.com/nushell/nushell/releases/download/0.113.1/nu-0.113.1-aarch64-unknown-linux-musl.tar.gz"
url_api = "https://api.github.com/repos/nushell/nushell/releases/assets/433382016"

[tools."github:nushell/nushell"."platforms.linux-x64"]
checksum = "sha256:9008d309aaa35e29ed5d5985306a83e2bf5093e31677d4cd969914552d12b8fb"
url = "https://github.com/nushell/nushell/releases/download/0.113.1/nu-0.113.1-x86_64-unknown-linux-gnu.tar.gz"
url_api = "https://api.github.com/repos/nushell/nushell/releases/assets/433380313"

[tools."github:nushell/nushell"."platforms.linux-x64-musl"]
checksum = "sha256:7faea21f8a49edf760c7bb9267f7702827937b19fc7dce412716b1cacbf38ae7"
url = "https://github.com/nushell/nushell/releases/download/0.113.1/nu-0.113.1-x86_64-unknown-linux-musl.tar.gz"
url_api = "https://api.github.com/repos/nushell/nushell/releases/assets/433380727"

[tools."github:nushell/nushell"."platforms.macos-arm64"]
checksum = "sha256:458aa21674221b2e8adbd784f9ba8113288b78f3c352465cef37b114ff3dffd5"
url = "https://github.com/nushell/nushell/releases/download/0.113.1/nu-0.113.1-aarch64-apple-darwin.tar.gz"
url_api = "https://api.github.com/repos/nushell/nushell/releases/assets/433380531"

[tools."github:nushell/nushell"."platforms.macos-x64"]
checksum = "sha256:18ec6448cd8562b4f94ba24bace6164c5d8b8d634c8105751ec45e17d34549b2"
url = "https://github.com/nushell/nushell/releases/download/0.113.1/nu-0.113.1-x86_64-apple-darwin.tar.gz"
url_api = "https://api.github.com/repos/nushell/nushell/releases/assets/433383402"

[tools."github:nushell/nushell"."platforms.windows-x64"]
checksum = "sha256:fd3e56dac9f866d2d3fe2fabd6580c14371afdcec9ddda54624a50986d36b3d2"
url = "https://github.com/nushell/nushell/releases/download/0.113.1/nu-0.113.1-x86_64-pc-windows-msvc.zip"
url_api = "https://api.github.com/repos/nushell/nushell/releases/assets/433389998"

[[tools."github:orf/gping"]]
version = "gping-v1.20.4"
backend = "github:orf/gping"

[tools."github:orf/gping"."platforms.linux-arm64"]
checksum = "sha256:a912b76238bf73d4ae6a4a2ada7f6dd42c25da37e8f0044f72543323656f7631"
url = "https://github.com/orf/gping/releases/download/gping-v1.20.4/gping-Linux-gnu-arm64.tar.gz"
url_api = "https://api.github.com/repos/orf/gping/releases/assets/456988042"

[tools."github:orf/gping"."platforms.linux-arm64-musl"]
checksum = "sha256:4c160ee83ab5ba3a4db086c5cda9511d857133edb65c62b4ba7c0944d3099696"
url = "https://github.com/orf/gping/releases/download/gping-v1.20.4/gping-Linux-musl-arm64.tar.gz"
url_api = "https://api.github.com/repos/orf/gping/releases/assets/456988046"

[tools."github:orf/gping"."platforms.linux-x64"]
checksum = "sha256:91dbcc0a2e279f7c91d9155f846fa5ad2626406f3306138ed2495744aaa9bc84"
url = "https://github.com/orf/gping/releases/download/gping-v1.20.4/gping-Linux-gnu-x86_64.tar.gz"
url_api = "https://api.github.com/repos/orf/gping/releases/assets/456988045"

[tools."github:orf/gping"."platforms.linux-x64-musl"]
checksum = "sha256:42cdad977e084c16b533c6801883f2000944992d523e3442fc85675641ae477c"
url = "https://github.com/orf/gping/releases/download/gping-v1.20.4/gping-Linux-musl-x86_64.tar.gz"
url_api = "https://api.github.com/repos/orf/gping/releases/assets/456988047"

[tools."github:orf/gping"."platforms.macos-arm64"]
checksum = "sha256:124e5c44dd05abd8f2019bb23e31cc32d700e7f2f15f74692afde53b8c30a24f"
url = "https://github.com/orf/gping/releases/download/gping-v1.20.4/gping-macOS-arm64.tar.gz"
url_api = "https://api.github.com/repos/orf/gping/releases/assets/456988041"

[tools."github:orf/gping"."platforms.macos-x64"]
checksum = "sha256:b39e8ed591117ca4366502d68ad59e7ade46cdd789853ea78a705ff5f7053d55"
url = "https://github.com/orf/gping/releases/download/gping-v1.20.4/gping-macOS-x86_64.tar.gz"
url_api = "https://api.github.com/repos/orf/gping/releases/assets/456988040"

[tools."github:orf/gping"."platforms.windows-x64"]
checksum = "sha256:e2211da5056092c13a5690a23c0e03feac7b4caf147e2400ebcad80ca82cabe3"
url = "https://github.com/orf/gping/releases/download/gping-v1.20.4/gping-Windows-msvc-x86_64.zip"
url_api = "https://api.github.com/repos/orf/gping/releases/assets/456988049"

[[tools."github:preiter93/wireman"]]
version = "0.3.5"
backend = "github:preiter93/wireman"

[tools."github:preiter93/wireman"."platforms.linux-arm64"]
checksum = "sha256:7c75c9b743175dd255c6baa2874245d342775fbdee8396ea567783db452337d1"
url = "https://github.com/preiter93/wireman/releases/download/v0.3.5/wireman-0.3.5-aarch64-unknown-linux-gnu.tar.gz"
url_api = "https://api.github.com/repos/preiter93/wireman/releases/assets/340133445"

[tools."github:preiter93/wireman"."platforms.linux-arm64-musl"]
checksum = "sha256:7c75c9b743175dd255c6baa2874245d342775fbdee8396ea567783db452337d1"
url = "https://github.com/preiter93/wireman/releases/download/v0.3.5/wireman-0.3.5-aarch64-unknown-linux-gnu.tar.gz"
url_api = "https://api.github.com/repos/preiter93/wireman/releases/assets/340133445"

[tools."github:preiter93/wireman"."platforms.linux-x64"]
checksum = "sha256:a0bb5c2e7164febbf9cd7d079ecd9aaac3d60fc8c45167687a8bf00885990de1"
url = "https://github.com/preiter93/wireman/releases/download/v0.3.5/wireman-0.3.5-x86_64-unknown-linux-gnu.tar.gz"
url_api = "https://api.github.com/repos/preiter93/wireman/releases/assets/340133458"

[tools."github:preiter93/wireman"."platforms.linux-x64-musl"]
checksum = "sha256:a0bb5c2e7164febbf9cd7d079ecd9aaac3d60fc8c45167687a8bf00885990de1"
url = "https://github.com/preiter93/wireman/releases/download/v0.3.5/wireman-0.3.5-x86_64-unknown-linux-gnu.tar.gz"
url_api = "https://api.github.com/repos/preiter93/wireman/releases/assets/340133458"

[tools."github:preiter93/wireman"."platforms.macos-arm64"]
checksum = "sha256:7814244e57150c8bf290cab56094b056844e1c951615dab3ff48266ff2107b2c"
url = "https://github.com/preiter93/wireman/releases/download/v0.3.5/wireman-0.3.5-aarch64-apple-darwin.tar.gz"
url_api = "https://api.github.com/repos/preiter93/wireman/releases/assets/340133423"

[tools."github:preiter93/wireman"."platforms.macos-x64"]
checksum = "sha256:47c59fdfc67e076306e06747133b81f753a48e7bc0bdb834a41294b8d67718d8"
url = "https://github.com/preiter93/wireman/releases/download/v0.3.5/wireman-0.3.5-x86_64-apple-darwin.tar.gz"
url_api = "https://api.github.com/repos/preiter93/wireman/releases/assets/340133539"

[tools."github:preiter93/wireman"."platforms.windows-x64"]
checksum = "sha256:194773cb7b3cb8a3b4d7a208a340f6ff1f8b509414a1e4e565a01085746c3e0c"
url = "https://github.com/preiter93/wireman/releases/download/v0.3.5/wireman-0.3.5-x86_64-pc-windows-msvc.zip"
url_api = "https://api.github.com/repos/preiter93/wireman/releases/assets/340133557"

[[tools."github:sharkdp/hyperfine"]]
version = "1.20.0"
backend = "github:sharkdp/hyperfine"

[tools."github:sharkdp/hyperfine"."platforms.linux-arm64"]
checksum = "sha256:90875cb1db7a1d797c311174d061728361e58fc70e3b62262a00635ac3b1997c"
url = "https://github.com/sharkdp/hyperfine/releases/download/v1.20.0/hyperfine-v1.20.0-aarch64-unknown-linux-gnu.tar.gz"
url_api = "https://api.github.com/repos/sharkdp/hyperfine/releases/assets/317832112"

[tools."github:sharkdp/hyperfine"."platforms.linux-arm64-musl"]
checksum = "sha256:90875cb1db7a1d797c311174d061728361e58fc70e3b62262a00635ac3b1997c"
url = "https://github.com/sharkdp/hyperfine/releases/download/v1.20.0/hyperfine-v1.20.0-aarch64-unknown-linux-gnu.tar.gz"
url_api = "https://api.github.com/repos/sharkdp/hyperfine/releases/assets/317832112"

[tools."github:sharkdp/hyperfine"."platforms.linux-x64"]
checksum = "sha256:63ad53934062118f5b0be11785e0bb1603d4b91667d1921f2fd8df9a8712040a"
url = "https://github.com/sharkdp/hyperfine/releases/download/v1.20.0/hyperfine-v1.20.0-x86_64-unknown-linux-gnu.tar.gz"
url_api = "https://api.github.com/repos/sharkdp/hyperfine/releases/assets/317831911"

[tools."github:sharkdp/hyperfine"."platforms.linux-x64-musl"]
checksum = "sha256:3285ec7959285288137043dd81dce0dde056227018a8277532d9a364b4f03c2b"
url = "https://github.com/sharkdp/hyperfine/releases/download/v1.20.0/hyperfine-v1.20.0-x86_64-unknown-linux-musl.tar.gz"
url_api = "https://api.github.com/repos/sharkdp/hyperfine/releases/assets/317832008"

[tools."github:sharkdp/hyperfine"."platforms.macos-arm64"]
checksum = "sha256:8ee7067016620447c9d2d6234ec9a4680f958b7ad983549b56334668f63075b5"
url = "https://github.com/sharkdp/hyperfine/releases/download/v1.20.0/hyperfine-v1.20.0-aarch64-apple-darwin.tar.gz"
url_api = "https://api.github.com/repos/sharkdp/hyperfine/releases/assets/317831785"

[tools."github:sharkdp/hyperfine"."platforms.macos-x64"]
checksum = "sha256:f58d0b90993fadfa122a351428c469ce24afef3865f027f0e6e86f0830d088f1"
url = "https://github.com/sharkdp/hyperfine/releases/download/v1.20.0/hyperfine-v1.20.0-x86_64-apple-darwin.tar.gz"
url_api = "https://api.github.com/repos/sharkdp/hyperfine/releases/assets/317832526"

[tools."github:sharkdp/hyperfine"."platforms.windows-x64"]
checksum = "sha256:2508c549b049b1d4342d08edc1cb42bfac169082b6e3069431b5bab9822dbb32"
url = "https://github.com/sharkdp/hyperfine/releases/download/v1.20.0/hyperfine-v1.20.0-x86_64-pc-windows-msvc.zip"
url_api = "https://api.github.com/repos/sharkdp/hyperfine/releases/assets/317832313"

[[tools."github:sibprogrammer/xq"]]
version = "1.4.0"
backend = "github:sibprogrammer/xq"

[tools."github:sibprogrammer/xq"."platforms.linux-arm64"]
checksum = "sha256:d511ce8cb96fd7bf2d01e172d19b5d831a49fd7d6adf4106072ccab885bc4202"
url = "https://github.com/sibprogrammer/xq/releases/download/v1.4.0/xq_1.4.0_linux_arm64.tar.gz"
url_api = "https://api.github.com/repos/sibprogrammer/xq/releases/assets/363566304"

[tools."github:sibprogrammer/xq"."platforms.linux-arm64-musl"]
checksum = "sha256:d511ce8cb96fd7bf2d01e172d19b5d831a49fd7d6adf4106072ccab885bc4202"
url = "https://github.com/sibprogrammer/xq/releases/download/v1.4.0/xq_1.4.0_linux_arm64.tar.gz"
url_api = "https://api.github.com/repos/sibprogrammer/xq/releases/assets/363566304"

[tools."github:sibprogrammer/xq"."platforms.linux-x64"]
checksum = "sha256:467e83864c3cf70a3a0754cd08070d21fa4b5fbccb8eb10ac3d7ea499fa48217"
url = "https://github.com/sibprogrammer/xq/releases/download/v1.4.0/xq_1.4.0_linux_amd64.tar.gz"
url_api = "https://api.github.com/repos/sibprogrammer/xq/releases/assets/363566303"

[tools."github:sibprogrammer/xq"."platforms.linux-x64-musl"]
checksum = "sha256:467e83864c3cf70a3a0754cd08070d21fa4b5fbccb8eb10ac3d7ea499fa48217"
url = "https://github.com/sibprogrammer/xq/releases/download/v1.4.0/xq_1.4.0_linux_amd64.tar.gz"
url_api = "https://api.github.com/repos/sibprogrammer/xq/releases/assets/363566303"

[tools."github:sibprogrammer/xq"."platforms.macos-arm64"]
checksum = "sha256:173200e7d8eabf515dfc0f8eae0717d221faeabdf591ef2810a6c0073ec7412f"
url = "https://github.com/sibprogrammer/xq/releases/download/v1.4.0/xq_1.4.0_darwin_arm64.tar.gz"
url_api = "https://api.github.com/repos/sibprogrammer/xq/releases/assets/363566287"

[tools."github:sibprogrammer/xq"."platforms.macos-x64"]
checksum = "sha256:4208f75015c7dea34d5cd1fe76c8e9d6aa24ae6a10bdfd866ea40cc33af36b01"
url = "https://github.com/sibprogrammer/xq/releases/download/v1.4.0/xq_1.4.0_darwin_amd64.tar.gz"
url_api = "https://api.github.com/repos/sibprogrammer/xq/releases/assets/363566307"

[tools."github:sibprogrammer/xq"."platforms.windows-x64"]
checksum = "sha256:836ef8e356fb9a8a67c0688d4ad287d63f0154e0c9104abf2423e9f5da5d964a"
url = "https://github.com/sibprogrammer/xq/releases/download/v1.4.0/xq_1.4.0_windows_amd64.zip"
url_api = "https://api.github.com/repos/sibprogrammer/xq/releases/assets/363566302"

[[tools.helm]]
version = "4.2.2"
backend = "aqua:helm/helm"

[tools.helm."platforms.linux-arm64"]
checksum = "sha256:78803142087a0069fa4b50d3f32a84d3ef25c14d1ee8a40fbccf86a6216d2f36"
url = "https://get.helm.sh/helm-v4.2.2-linux-arm64.tar.gz"

[tools.helm."platforms.linux-arm64-musl"]
checksum = "sha256:78803142087a0069fa4b50d3f32a84d3ef25c14d1ee8a40fbccf86a6216d2f36"
url = "https://get.helm.sh/helm-v4.2.2-linux-arm64.tar.gz"

[tools.helm."platforms.linux-x64"]
checksum = "sha256:9adafecab4d406853bba163a70e9f104f47dbbf65ce24b7653bae7e36150bcb6"
url = "https://get.helm.sh/helm-v4.2.2-linux-amd64.tar.gz"

[tools.helm."platforms.linux-x64-musl"]
checksum = "sha256:9adafecab4d406853bba163a70e9f104f47dbbf65ce24b7653bae7e36150bcb6"
url = "https://get.helm.sh/helm-v4.2.2-linux-amd64.tar.gz"

[tools.helm."platforms.macos-arm64"]
checksum = "sha256:5410a0dae3d5d91f45653b161260d9301aabc4ae80ae50a6605d66884b6df8ea"
url = "https://get.helm.sh/helm-v4.2.2-darwin-arm64.tar.gz"

[tools.helm."platforms.macos-x64"]
checksum = "sha256:10c1e36ee8c5f2e2ee25a16599cb03ab74c0953cd889cacb980a49ba4b6574ba"
url = "https://get.helm.sh/helm-v4.2.2-darwin-amd64.tar.gz"

[tools.helm."platforms.windows-x64"]
checksum = "sha256:29589dad546f8bcd3a6ad92261fcb4a6c9db4a32f9e4fc4f5212db189553dc60"
url = "https://get.helm.sh/helm-v4.2.2-windows-amd64.tar.gz"

[[tools.kubectl]]
version = "1.36.2"
backend = "aqua:kubernetes/kubernetes/kubectl"

[tools.kubectl."platforms.linux-arm64"]
checksum = "sha256:c957eb8c4bea27a3bb35b269edd9082e27f027f7b76b20b5bf4afebc726c6d3e"
url = "https://dl.k8s.io/v1.36.2/bin/linux/arm64/kubectl"

[tools.kubectl."platforms.linux-arm64-musl"]
checksum = "sha256:c957eb8c4bea27a3bb35b269edd9082e27f027f7b76b20b5bf4afebc726c6d3e"
url = "https://dl.k8s.io/v1.36.2/bin/linux/arm64/kubectl"

[tools.kubectl."platforms.linux-x64"]
checksum = "sha256:1e9045ec32bea85da43de85f0065358529ea7c7a152eca78154fba5b58c27d82"
url = "https://dl.k8s.io/v1.36.2/bin/linux/amd64/kubectl"

[tools.kubectl."platforms.linux-x64-musl"]
checksum = "sha256:1e9045ec32bea85da43de85f0065358529ea7c7a152eca78154fba5b58c27d82"
url = "https://dl.k8s.io/v1.36.2/bin/linux/amd64/kubectl"

[tools.kubectl."platforms.macos-arm64"]
checksum = "sha256:4408c85c83fd3a31adaa555bdf3c7a6c81f74b19449a9060ba31ab91926f023d"
url = "https://dl.k8s.io/v1.36.2/bin/darwin/arm64/kubectl"

[tools.kubectl."platforms.macos-x64"]
checksum = "sha256:ce6c5e55cd17559e87e4fb5e73ebbbc2511bcf2b695d7a40c1b1461a9817d4b3"
url = "https://dl.k8s.io/v1.36.2/bin/darwin/amd64/kubectl"

[tools.kubectl."platforms.windows-x64"]
checksum = "sha256:df04d82234b28ffbdcd36e79d596b85da6e9c736e1a7a55ff6910c648ff47af2"
url = "https://dl.k8s.io/v1.36.2/bin/windows/amd64/kubectl.exe"

[[tools.lazydocker]]
version = "0.25.2"
backend = "aqua:jesseduffield/lazydocker"

[tools.lazydocker."platforms.linux-arm64"]
checksum = "sha256:005c38b685aaa557e7d646d83a3dadb5024340eeed8c6a2e1949eee6f530de23"
url = "https://github.com/jesseduffield/lazydocker/releases/download/v0.25.2/lazydocker_0.25.2_Linux_arm64.tar.gz"

[tools.lazydocker."platforms.linux-arm64-musl"]
checksum = "sha256:005c38b685aaa557e7d646d83a3dadb5024340eeed8c6a2e1949eee6f530de23"
url = "https://github.com/jesseduffield/lazydocker/releases/download/v0.25.2/lazydocker_0.25.2_Linux_arm64.tar.gz"

[tools.lazydocker."platforms.linux-x64"]
checksum = "sha256:0d9dbfc26068b218e7ed84b104748cadc6e3cf733c0afd35465306fb39b9523c"
url = "https://github.com/jesseduffield/lazydocker/releases/download/v0.25.2/lazydocker_0.25.2_Linux_x86_64.tar.gz"

[tools.lazydocker."platforms.linux-x64-musl"]
checksum = "sha256:0d9dbfc26068b218e7ed84b104748cadc6e3cf733c0afd35465306fb39b9523c"
url = "https://github.com/jesseduffield/lazydocker/releases/download/v0.25.2/lazydocker_0.25.2_Linux_x86_64.tar.gz"

[tools.lazydocker."platforms.macos-arm64"]
checksum = "sha256:4a54d7b4abdf255b2bce9806641eac5568d5b7fbc820c1b5d3f9e34ea1367d60"
url = "https://github.com/jesseduffield/lazydocker/releases/download/v0.25.2/lazydocker_0.25.2_Darwin_arm64.tar.gz"

[tools.lazydocker."platforms.macos-x64"]
checksum = "sha256:af70b6e234089aa24924db25fc201d17f224e76d334e743e4595d30cf83a013b"
url = "https://github.com/jesseduffield/lazydocker/releases/download/v0.25.2/lazydocker_0.25.2_Darwin_x86_64.tar.gz"

[tools.lazydocker."platforms.windows-x64"]
checksum = "sha256:facae8869c1bf144468191c563002162273a2c2761f052659170530cae3fa8a9"
url = "https://github.com/jesseduffield/lazydocker/releases/download/v0.25.2/lazydocker_0.25.2_Windows_x86_64.zip"

[[tools.opentofu]]
version = "1.12.3"
backend = "aqua:opentofu/opentofu"

[tools.opentofu."platforms.linux-arm64"]
checksum = "sha256:98861dad4ac08882dcf255fe5d48bed7deddc34e8d6544f8690c65212320ad64"
url = "https://github.com/opentofu/opentofu/releases/download/v1.12.3/tofu_1.12.3_linux_arm64.tar.gz"

[tools.opentofu."platforms.linux-arm64-musl"]
checksum = "sha256:98861dad4ac08882dcf255fe5d48bed7deddc34e8d6544f8690c65212320ad64"
url = "https://github.com/opentofu/opentofu/releases/download/v1.12.3/tofu_1.12.3_linux_arm64.tar.gz"

[tools.opentofu."platforms.linux-x64"]
checksum = "sha256:f87d45408dcbb963ddbe10b2f75e55b3495310556e05c35765dfd5913551f182"
url = "https://github.com/opentofu/opentofu/releases/download/v1.12.3/tofu_1.12.3_linux_amd64.tar.gz"

[tools.opentofu."platforms.linux-x64-musl"]
checksum = "sha256:f87d45408dcbb963ddbe10b2f75e55b3495310556e05c35765dfd5913551f182"
url = "https://github.com/opentofu/opentofu/releases/download/v1.12.3/tofu_1.12.3_linux_amd64.tar.gz"

[tools.opentofu."platforms.macos-arm64"]
checksum = "sha256:0c8ddee4294f7cea34d82b122fa805febce41d21905a54dc9ce9f79ee8145284"
url = "https://github.com/opentofu/opentofu/releases/download/v1.12.3/tofu_1.12.3_darwin_arm64.tar.gz"

[tools.opentofu."platforms.macos-x64"]
checksum = "sha256:e4d5fa86cfbe7eb8b56ec19e4c7e0bc7885845ca4e4a955c49d184ae82c62ab2"
url = "https://github.com/opentofu/opentofu/releases/download/v1.12.3/tofu_1.12.3_darwin_amd64.tar.gz"

[tools.opentofu."platforms.windows-x64"]
checksum = "sha256:34ddbab9eb07a72ea5cf36d98d97ce1931242cb89693cbf5dce06d65ba37d8cc"
url = "https://github.com/opentofu/opentofu/releases/download/v1.12.3/tofu_1.12.3_windows_amd64.tar.gz"

[[tools.terraform]]
version = "1.15.7"
backend = "aqua:hashicorp/terraform"

[tools.terraform."platforms.linux-arm64"]
checksum = "sha256:7a9e92105ede978cf9049a2fbe53dfe67c6a8da4b4d7f613d89e7dd7c63ec40d"
url = "https://releases.hashicorp.com/terraform/1.15.7/terraform_1.15.7_linux_arm64.zip"

[tools.terraform."platforms.linux-arm64-musl"]
checksum = "sha256:7a9e92105ede978cf9049a2fbe53dfe67c6a8da4b4d7f613d89e7dd7c63ec40d"
url = "https://releases.hashicorp.com/terraform/1.15.7/terraform_1.15.7_linux_arm64.zip"

[tools.terraform."platforms.linux-x64"]
checksum = "sha256:73bbb8f5188ad75d4fb853fd100ae4d7e146ef7af7db18776109642fdb7759d2"
url = "https://releases.hashicorp.com/terraform/1.15.7/terraform_1.15.7_linux_amd64.zip"

[tools.terraform."platforms.linux-x64-musl"]
checksum = "sha256:73bbb8f5188ad75d4fb853fd100ae4d7e146ef7af7db18776109642fdb7759d2"
url = "https://releases.hashicorp.com/terraform/1.15.7/terraform_1.15.7_linux_amd64.zip"

[tools.terraform."platforms.macos-arm64"]
checksum = "sha256:711791bf41365137a9a4adbf3e4c4a18dd7389d45c6a3039e3c6946bc750080e"
url = "https://releases.hashicorp.com/terraform/1.15.7/terraform_1.15.7_darwin_arm64.zip"

[tools.terraform."platforms.macos-x64"]
checksum = "sha256:7f7a055e4d0c9dddb19cb14058fc885df139fdd4e987fffff6bf82993ac6a1a3"
url = "https://releases.hashicorp.com/terraform/1.15.7/terraform_1.15.7_darwin_amd64.zip"

[tools.terraform."platforms.windows-x64"]
checksum = "sha256:1644891f1d02dea989daed9a39c564ebdc80e13c9a7e42e713fba84d7f53b8f6"
url = "https://releases.hashicorp.com/terraform/1.15.7/terraform_1.15.7_windows_amd64.zip"
