# @generated - this file is auto-generated by `mise lock` https://mise.en.dev/dev-tools/mise-lock.html

[[tools.argocd]]
version = "3.4.1"
backend = "aqua:argoproj/argo-cd"

[tools.argocd."platforms.linux-arm64"]
checksum = "sha256:764844e421aef30bd21d886465c959870f61af7f21712db92fe114e5c5ef1a8d"
url = "https://github.com/argoproj/argo-cd/releases/download/v3.4.1/argocd-linux-arm64"

[tools.argocd."platforms.linux-arm64".provenance.slsa]
url = "https://github.com/argoproj/argo-cd/releases/download/v3.4.1/argocd-cli.intoto.jsonl"

[tools.argocd."platforms.linux-arm64-musl"]
checksum = "sha256:764844e421aef30bd21d886465c959870f61af7f21712db92fe114e5c5ef1a8d"
url = "https://github.com/argoproj/argo-cd/releases/download/v3.4.1/argocd-linux-arm64"

[tools.argocd."platforms.linux-arm64-musl".provenance.slsa]
url = "https://github.com/argoproj/argo-cd/releases/download/v3.4.1/argocd-cli.intoto.jsonl"

[tools.argocd."platforms.linux-x64"]
checksum = "sha256:0c7bc33afe6ba9d3ff713e482975b5a8bc83efe208fce4eb24d27478beb3cb90"
url = "https://github.com/argoproj/argo-cd/releases/download/v3.4.1/argocd-linux-amd64"

[tools.argocd."platforms.linux-x64".provenance.slsa]
url = "https://github.com/argoproj/argo-cd/releases/download/v3.4.1/argocd-cli.intoto.jsonl"

[tools.argocd."platforms.linux-x64-musl"]
checksum = "sha256:0c7bc33afe6ba9d3ff713e482975b5a8bc83efe208fce4eb24d27478beb3cb90"
url = "https://github.com/argoproj/argo-cd/releases/download/v3.4.1/argocd-linux-amd64"

[tools.argocd."platforms.linux-x64-musl".provenance.slsa]
url = "https://github.com/argoproj/argo-cd/releases/download/v3.4.1/argocd-cli.intoto.jsonl"

[tools.argocd."platforms.macos-arm64"]
checksum = "sha256:26aa39ebac220a9594e6a72a0977df4c14d51fc3dcf89f21624cdb058d786b4e"
url = "https://github.com/argoproj/argo-cd/releases/download/v3.4.1/argocd-darwin-arm64"

[tools.argocd."platforms.macos-arm64".provenance.slsa]
url = "https://github.com/argoproj/argo-cd/releases/download/v3.4.1/argocd-cli.intoto.jsonl"

[tools.argocd."platforms.macos-x64"]
checksum = "sha256:fcb08d468acf86bba98657fae51fb8cf074119f8283d964129143151d71122e0"
url = "https://github.com/argoproj/argo-cd/releases/download/v3.4.1/argocd-darwin-amd64"

[tools.argocd."platforms.macos-x64".provenance.slsa]
url = "https://github.com/argoproj/argo-cd/releases/download/v3.4.1/argocd-cli.intoto.jsonl"

[tools.argocd."platforms.windows-x64"]
checksum = "sha256:56d7909337868f3e6adddbc7543d40624b429f8209a5047c2aa5c38b708a3601"
url = "https://github.com/argoproj/argo-cd/releases/download/v3.4.1/argocd-windows-amd64.exe"

[tools.argocd."platforms.windows-x64".provenance.slsa]
url = "https://github.com/argoproj/argo-cd/releases/download/v3.4.1/argocd-cli.intoto.jsonl"

[[tools."cargo:du-dust"]]
version = "1.2.4"
backend = "cargo:du-dust"

[[tools."cargo:forgejo-cli"]]
version = "0.5.0"
backend = "cargo:forgejo-cli"

[[tools."cargo:htmlq"]]
version = "0.4.0"
backend = "cargo:htmlq"

[[tools.dive]]
version = "0.13.1"
backend = "aqua:wagoodman/dive"

[tools.dive."platforms.linux-arm64"]
checksum = "sha256:2fcd2cf20f634ccdb41efac44048b204bfc867c115641f37a7420693ed480a18"
url = "https://github.com/wagoodman/dive/releases/download/v0.13.1/dive_0.13.1_linux_arm64.tar.gz"

[tools.dive."platforms.linux-arm64-musl"]
checksum = "sha256:2fcd2cf20f634ccdb41efac44048b204bfc867c115641f37a7420693ed480a18"
url = "https://github.com/wagoodman/dive/releases/download/v0.13.1/dive_0.13.1_linux_arm64.tar.gz"

[tools.dive."platforms.linux-x64"]
checksum = "sha256:0970549eb4a306f8825a84145a2534153badb4d7dcf3febd1967c706367c3d0e"
url = "https://github.com/wagoodman/dive/releases/download/v0.13.1/dive_0.13.1_linux_amd64.tar.gz"

[tools.dive."platforms.linux-x64-musl"]
checksum = "sha256:0970549eb4a306f8825a84145a2534153badb4d7dcf3febd1967c706367c3d0e"
url = "https://github.com/wagoodman/dive/releases/download/v0.13.1/dive_0.13.1_linux_amd64.tar.gz"

[tools.dive."platforms.macos-arm64"]
checksum = "sha256:38b7fa95a13e7f4d0b3060c875fe7427c2a0613ecff674bb45156eb34bca0b09"
url = "https://github.com/wagoodman/dive/releases/download/v0.13.1/dive_0.13.1_darwin_arm64.tar.gz"

[tools.dive."platforms.macos-x64"]
checksum = "sha256:04e4c1bac21be3aef99799cf0e470149a072ea4786be50718aa846cd13746523"
url = "https://github.com/wagoodman/dive/releases/download/v0.13.1/dive_0.13.1_darwin_amd64.tar.gz"

[tools.dive."platforms.windows-x64"]
checksum = "sha256:3e764ff28c7b89f4da679deac80483249fbbae3a1d512c103d54609eec09086a"
url = "https://github.com/wagoodman/dive/releases/download/v0.13.1/dive_0.13.1_windows_amd64.zip"

[[tools."github:babs/multiping"]]
version = "1.5.1"
backend = "github:babs/multiping"

[tools."github:babs/multiping"."platforms.linux-arm64"]
checksum = "sha256:9e9809bc7fdac8b7d4b2441ad0caee427975b6a3b555c7c00bb0c85ffa8c9ebb"
url = "https://github.com/babs/multiping/releases/download/v1.5.1/multiping-linux-arm64.xz"
url_api = "https://api.github.com/repos/babs/multiping/releases/assets/326469605"

[tools."github:babs/multiping"."platforms.linux-arm64-musl"]
checksum = "sha256:9e9809bc7fdac8b7d4b2441ad0caee427975b6a3b555c7c00bb0c85ffa8c9ebb"
url = "https://github.com/babs/multiping/releases/download/v1.5.1/multiping-linux-arm64.xz"
url_api = "https://api.github.com/repos/babs/multiping/releases/assets/326469605"

[tools."github:babs/multiping"."platforms.linux-x64"]
checksum = "sha256:b665ad757b5c4ce40e1366a31cce0c580024dbfe9f87607e22bc5976a64c061a"
url = "https://github.com/babs/multiping/releases/download/v1.5.1/multiping-linux-amd64.xz"
url_api = "https://api.github.com/repos/babs/multiping/releases/assets/326469597"

[tools."github:babs/multiping"."platforms.linux-x64-musl"]
checksum = "sha256:b665ad757b5c4ce40e1366a31cce0c580024dbfe9f87607e22bc5976a64c061a"
url = "https://github.com/babs/multiping/releases/download/v1.5.1/multiping-linux-amd64.xz"
url_api = "https://api.github.com/repos/babs/multiping/releases/assets/326469597"

[tools."github:babs/multiping"."platforms.macos-arm64"]
checksum = "sha256:6fd1bcd59f2d109ed4f565eeaf2f1d67845ef13601cb307dc558cee3c65b3c22"
url = "https://github.com/babs/multiping/releases/download/v1.5.1/multiping-darwin-arm64.xz"
url_api = "https://api.github.com/repos/babs/multiping/releases/assets/326469559"

[tools."github:babs/multiping"."platforms.macos-x64"]
checksum = "sha256:95d2458142d6f20bbbdb9f7aca4e3939cb4d84265a66830101d6e188877cb17b"
url = "https://github.com/babs/multiping/releases/download/v1.5.1/multiping-darwin-amd64.xz"
url_api = "https://api.github.com/repos/babs/multiping/releases/assets/326469556"

[tools."github:babs/multiping"."platforms.windows-x64"]
checksum = "sha256:799e7849ae91b4b3f3a1043ffcbb24175d0095c45c32858d2e97a55a70b7ee06"
url = "https://github.com/babs/multiping/releases/download/v1.5.1/multiping-windows-amd64.zip"
url_api = "https://api.github.com/repos/babs/multiping/releases/assets/326469657"

[[tools."github:bgreenwell/lstr"]]
version = "0.2.1"
backend = "github:bgreenwell/lstr"

[tools."github:bgreenwell/lstr"."platforms.linux-x64"]
checksum = "sha256:4408ed12f10fa596ae12a20108cfe5ead4a938a3a6a4b5ce5d1c7cdb696add3f"
url = "https://github.com/bgreenwell/lstr/releases/download/v0.2.1/lstr-linux-x86_64.tar.gz"
url_api = "https://api.github.com/repos/bgreenwell/lstr/releases/assets/266658086"

[tools."github:bgreenwell/lstr"."platforms.linux-x64-musl"]
checksum = "sha256:4408ed12f10fa596ae12a20108cfe5ead4a938a3a6a4b5ce5d1c7cdb696add3f"
url = "https://github.com/bgreenwell/lstr/releases/download/v0.2.1/lstr-linux-x86_64.tar.gz"
url_api = "https://api.github.com/repos/bgreenwell/lstr/releases/assets/266658086"

[tools."github:bgreenwell/lstr"."platforms.macos-arm64"]
checksum = "sha256:6b7fae4229d3d317defc774b9de5d079fb439fa2c40bb1e01b4099e182a8680c"
url = "https://github.com/bgreenwell/lstr/releases/download/v0.2.1/lstr-macos-arm64.tar.gz"
url_api = "https://api.github.com/repos/bgreenwell/lstr/releases/assets/266658100"

[tools."github:bgreenwell/lstr"."platforms.macos-x64"]
checksum = "sha256:554108574d4de9cfe9207dd3937e9b9d3df2b4cadfb66a9d2c4376bbff6a25df"
url = "https://github.com/bgreenwell/lstr/releases/download/v0.2.1/lstr-macos-x86_64.tar.gz"
url_api = "https://api.github.com/repos/bgreenwell/lstr/releases/assets/266658049"

[tools."github:bgreenwell/lstr"."platforms.windows-x64"]
checksum = "sha256:8296ee4593d4b9bfa77512e6f2b5a0c75f67703a7b4d3348b78ad75241e13f5e"
url = "https://github.com/bgreenwell/lstr/releases/download/v0.2.1/lstr-windows-x86_64.zip"
url_api = "https://api.github.com/repos/bgreenwell/lstr/releases/assets/266658595"

[[tools."github:dkarter/pdf-redact"]]
version = "0.2.7"
backend = "github:dkarter/pdf-redact"

[tools."github:dkarter/pdf-redact"."platforms.linux-x64"]
checksum = "sha256:dd88c665dc75704fb595a3e135f881cea81384e15bbca0bdb0a857d451f72a40"
url = "https://github.com/dkarter/pdf-redact/releases/download/v0.2.7/pdf-redact-v0.2.7-linux-x64.tar.gz"
url_api = "https://api.github.com/repos/dkarter/pdf-redact/releases/assets/352939669"

[tools."github:dkarter/pdf-redact"."platforms.linux-x64-musl"]
checksum = "sha256:dd88c665dc75704fb595a3e135f881cea81384e15bbca0bdb0a857d451f72a40"
url = "https://github.com/dkarter/pdf-redact/releases/download/v0.2.7/pdf-redact-v0.2.7-linux-x64.tar.gz"
url_api = "https://api.github.com/repos/dkarter/pdf-redact/releases/assets/352939669"

[tools."github:dkarter/pdf-redact"."platforms.macos-arm64"]
checksum = "sha256:131718ccee1730352f85685ddc687a3d60b33d6a6dd7c905719a82298e6976b1"
url = "https://github.com/dkarter/pdf-redact/releases/download/v0.2.7/pdf-redact-v0.2.7-darwin-arm64.tar.gz"
url_api = "https://api.github.com/repos/dkarter/pdf-redact/releases/assets/352939680"

[tools."github:dkarter/pdf-redact"."platforms.macos-x64"]
checksum = "sha256:108743b34ac46546aa3206af2d72c7dea2561de17712d56fc548e2d373e959ad"
url = "https://github.com/dkarter/pdf-redact/releases/download/v0.2.7/pdf-redact-v0.2.7-darwin-x64.tar.gz"
url_api = "https://api.github.com/repos/dkarter/pdf-redact/releases/assets/352940242"

[tools."github:dkarter/pdf-redact"."platforms.windows-x64"]
checksum = "sha256:0f5c3db766ac9f170de9c9df1e57872bc718034b74a798ce60bbdedccafba001"
url = "https://github.com/dkarter/pdf-redact/releases/download/v0.2.7/pdf-redact-v0.2.7-windows-x64.zip"
url_api = "https://api.github.com/repos/dkarter/pdf-redact/releases/assets/352940373"

[[tools."github:ip7z/7zip"]]
version = "26.01"
backend = "github:ip7z/7zip"

[tools."github:ip7z/7zip"."platforms.linux-arm64"]
checksum = "sha256:39f8c9070c300a63c7484d9a983119ef3edf841e1ddf69f1affae29fdec5f612"
url = "https://github.com/ip7z/7zip/releases/download/26.01/7z2601-linux-arm64.tar.xz"
url_api = "https://api.github.com/repos/ip7z/7zip/releases/assets/406732445"

[tools."github:ip7z/7zip"."platforms.linux-arm64-musl"]
checksum = "sha256:39f8c9070c300a63c7484d9a983119ef3edf841e1ddf69f1affae29fdec5f612"
url = "https://github.com/ip7z/7zip/releases/download/26.01/7z2601-linux-arm64.tar.xz"
url_api = "https://api.github.com/repos/ip7z/7zip/releases/assets/406732445"

[tools."github:ip7z/7zip"."platforms.linux-x64"]
checksum = "sha256:8ea0fc8a135e7b848e80a4116fe22dff56c8c4518dde1f43cce67f4e340b437a"
url = "https://github.com/ip7z/7zip/releases/download/26.01/7z2601-linux-x64.tar.xz"
url_api = "https://api.github.com/repos/ip7z/7zip/releases/assets/406732449"

[tools."github:ip7z/7zip"."platforms.linux-x64-musl"]
checksum = "sha256:8ea0fc8a135e7b848e80a4116fe22dff56c8c4518dde1f43cce67f4e340b437a"
url = "https://github.com/ip7z/7zip/releases/download/26.01/7z2601-linux-x64.tar.xz"
url_api = "https://api.github.com/repos/ip7z/7zip/releases/assets/406732449"

[tools."github:ip7z/7zip"."platforms.macos-arm64"]
checksum = "sha256:0b6b930dbf82742e3f1014c35072a6b8b3aab183fece348e7f723675f1c5bea2"
url = "https://github.com/ip7z/7zip/releases/download/26.01/7z2601-mac.tar.xz"
url_api = "https://api.github.com/repos/ip7z/7zip/releases/assets/406732461"

[tools."github:ip7z/7zip"."platforms.macos-x64"]
checksum = "sha256:0b6b930dbf82742e3f1014c35072a6b8b3aab183fece348e7f723675f1c5bea2"
url = "https://github.com/ip7z/7zip/releases/download/26.01/7z2601-mac.tar.xz"
url_api = "https://api.github.com/repos/ip7z/7zip/releases/assets/406732461"

[tools."github:ip7z/7zip"."platforms.windows-x64"]
checksum = "sha256:d64a0468f5b5b0b0fc5b2188450bcd655b70809d97b1c4535f2884635094377d"
url = "https://github.com/ip7z/7zip/releases/download/26.01/7z2601-x64.exe"
url_api = "https://api.github.com/repos/ip7z/7zip/releases/assets/406732487"

[[tools."github:kdash-rs/kdash"]]
version = "1.1.1"
backend = "github:kdash-rs/kdash"

[tools."github:kdash-rs/kdash"."platforms.linux-arm64"]
checksum = "sha256:4a28500153265cefee770534a5c67524624f822e43b5980b2d5446c98d2af969"
url = "https://github.com/kdash-rs/kdash/releases/download/v1.1.1/kdash-linux.tar.gz"
url_api = "https://api.github.com/repos/kdash-rs/kdash/releases/assets/404840640"

[tools."github:kdash-rs/kdash"."platforms.linux-arm64-musl"]
checksum = "sha256:a57bd2eb9dafe92ec28d32f32f240a4f672622557ae2fea239dd818f593cd8ab"
url = "https://github.com/kdash-rs/kdash/releases/download/v1.1.1/kdash-linux-musl.tar.gz"
url_api = "https://api.github.com/repos/kdash-rs/kdash/releases/assets/404840629"

[tools."github:kdash-rs/kdash"."platforms.linux-x64"]
checksum = "sha256:4a28500153265cefee770534a5c67524624f822e43b5980b2d5446c98d2af969"
url = "https://github.com/kdash-rs/kdash/releases/download/v1.1.1/kdash-linux.tar.gz"
url_api = "https://api.github.com/repos/kdash-rs/kdash/releases/assets/404840640"

[tools."github:kdash-rs/kdash"."platforms.linux-x64-musl"]
checksum = "sha256:a57bd2eb9dafe92ec28d32f32f240a4f672622557ae2fea239dd818f593cd8ab"
url = "https://github.com/kdash-rs/kdash/releases/download/v1.1.1/kdash-linux-musl.tar.gz"
url_api = "https://api.github.com/repos/kdash-rs/kdash/releases/assets/404840629"

[tools."github:kdash-rs/kdash"."platforms.macos-arm64"]
checksum = "sha256:47c8af2671bc23f9a74a9a754c44978f214aeddb990867b6647e0215449a820e"
url = "https://github.com/kdash-rs/kdash/releases/download/v1.1.1/kdash-macos-arm64.tar.gz"
url_api = "https://api.github.com/repos/kdash-rs/kdash/releases/assets/404839453"

[tools."github:kdash-rs/kdash"."platforms.macos-x64"]
checksum = "sha256:068caea9e45db8768b7a5c5f910ac935bb0e6aeb39ed2e7477f16b1d22c54bf7"
url = "https://github.com/kdash-rs/kdash/releases/download/v1.1.1/kdash-macos.tar.gz"
url_api = "https://api.github.com/repos/kdash-rs/kdash/releases/assets/404840960"

[tools."github:kdash-rs/kdash"."platforms.windows-x64"]
checksum = "sha256:1c24300798858a77afb6592e18d7c9d438a02992ce7a2f531cd6df78fd908576"
url = "https://github.com/kdash-rs/kdash/releases/download/v1.1.1/kdash-windows.tar.gz"
url_api = "https://api.github.com/repos/kdash-rs/kdash/releases/assets/404846666"

[[tools."github:mr-karan/doggo"]]
version = "1.1.5"
backend = "github:mr-karan/doggo"

[tools."github:mr-karan/doggo"."platforms.linux-arm64"]
checksum = "sha256:7a74420a4c84c4134ec81909ae37c31ade7a423ac096bd7afb1d56d8ecd679f1"
url = "https://github.com/mr-karan/doggo/releases/download/v1.1.5/doggo_1.1.5_Linux_arm64.tar.gz"
url_api = "https://api.github.com/repos/mr-karan/doggo/releases/assets/361355145"

[tools."github:mr-karan/doggo"."platforms.linux-arm64-musl"]
checksum = "sha256:7a74420a4c84c4134ec81909ae37c31ade7a423ac096bd7afb1d56d8ecd679f1"
url = "https://github.com/mr-karan/doggo/releases/download/v1.1.5/doggo_1.1.5_Linux_arm64.tar.gz"
url_api = "https://api.github.com/repos/mr-karan/doggo/releases/assets/361355145"

[tools."github:mr-karan/doggo"."platforms.linux-x64"]
checksum = "sha256:fe29a6c856ee9ba4eda5a551eb9aab7cd81db92773a58200c9734b672ad38146"
url = "https://github.com/mr-karan/doggo/releases/download/v1.1.5/doggo_1.1.5_Linux_x86_64.tar.gz"
url_api = "https://api.github.com/repos/mr-karan/doggo/releases/assets/361355153"

[tools."github:mr-karan/doggo"."platforms.linux-x64-musl"]
checksum = "sha256:fe29a6c856ee9ba4eda5a551eb9aab7cd81db92773a58200c9734b672ad38146"
url = "https://github.com/mr-karan/doggo/releases/download/v1.1.5/doggo_1.1.5_Linux_x86_64.tar.gz"
url_api = "https://api.github.com/repos/mr-karan/doggo/releases/assets/361355153"

[tools."github:mr-karan/doggo"."platforms.macos-arm64"]
checksum = "sha256:60d8455cc146544cae0a35e36f58c8920b239d5f095a2af224c6970f25554caf"
url = "https://github.com/mr-karan/doggo/releases/download/v1.1.5/doggo_1.1.5_Darwin_arm64.tar.gz"
url_api = "https://api.github.com/repos/mr-karan/doggo/releases/assets/361355132"

[tools."github:mr-karan/doggo"."platforms.macos-x64"]
checksum = "sha256:1ad77ccfec4987afba205c89922494559d8a355716d59ec00f07ff1cd2af72cd"
url = "https://github.com/mr-karan/doggo/releases/download/v1.1.5/doggo_1.1.5_Darwin_x86_64.tar.gz"
url_api = "https://api.github.com/repos/mr-karan/doggo/releases/assets/361355156"

[tools."github:mr-karan/doggo"."platforms.windows-x64"]
checksum = "sha256:f184025607cd0121939cb5c8e7042141a93d7a9a601fed7d43307a0841162720"
url = "https://github.com/mr-karan/doggo/releases/download/v1.1.5/doggo_1.1.5_Windows_x86_64.zip"
url_api = "https://api.github.com/repos/mr-karan/doggo/releases/assets/361355127"

[[tools."github:nushell/nushell"]]
version = "0.112.2"
backend = "github:nushell/nushell"

[tools."github:nushell/nushell"."platforms.linux-arm64"]
checksum = "sha256:c25a713f4c10bd886162c62c278db6cf8a657754be53d33379af70fbadab07b8"
url = "https://github.com/nushell/nushell/releases/download/0.112.2/nu-0.112.2-aarch64-unknown-linux-gnu.tar.gz"
url_api = "https://api.github.com/repos/nushell/nushell/releases/assets/397302709"

[tools."github:nushell/nushell"."platforms.linux-arm64-musl"]
checksum = "sha256:ab32bb605cd11a7d9cfd45c3cb19f6141a724e204b20531802bacd9eb659879b"
url = "https://github.com/nushell/nushell/releases/download/0.112.2/nu-0.112.2-aarch64-unknown-linux-musl.tar.gz"
url_api = "https://api.github.com/repos/nushell/nushell/releases/assets/397302053"

[tools."github:nushell/nushell"."platforms.linux-x64"]
checksum = "sha256:4038c171dd2618f2413a2aa615b8dab7e9d04852be8200f1755df3e422328395"
url = "https://github.com/nushell/nushell/releases/download/0.112.2/nu-0.112.2-x86_64-unknown-linux-gnu.tar.gz"
url_api = "https://api.github.com/repos/nushell/nushell/releases/assets/397301166"

[tools."github:nushell/nushell"."platforms.linux-x64-musl"]
checksum = "sha256:d9c0ba0938beed6148c8a354c45612c0979d7a787794b8dd13e866ca3b571375"
url = "https://github.com/nushell/nushell/releases/download/0.112.2/nu-0.112.2-x86_64-unknown-linux-musl.tar.gz"
url_api = "https://api.github.com/repos/nushell/nushell/releases/assets/397300923"

[tools."github:nushell/nushell"."platforms.macos-arm64"]
checksum = "sha256:a61806761db7bc2eddfc313d5ec496c92776a37124bc64a3036374bd55e8c881"
url = "https://github.com/nushell/nushell/releases/download/0.112.2/nu-0.112.2-aarch64-apple-darwin.tar.gz"
url_api = "https://api.github.com/repos/nushell/nushell/releases/assets/397301778"

[tools."github:nushell/nushell"."platforms.macos-x64"]
checksum = "sha256:8de1dc4a918a1af29fce75d263a8f673f16d35c04ebaa5e3c3ac4ce1eb154f3f"
url = "https://github.com/nushell/nushell/releases/download/0.112.2/nu-0.112.2-x86_64-apple-darwin.tar.gz"
url_api = "https://api.github.com/repos/nushell/nushell/releases/assets/397302363"

[tools."github:nushell/nushell"."platforms.windows-x64"]
checksum = "sha256:db57750ec878365135e7baebee9f5ec74b84c80158ed0168f1ccbe15d6ec251d"
url = "https://github.com/nushell/nushell/releases/download/0.112.2/nu-0.112.2-x86_64-pc-windows-msvc.zip"
url_api = "https://api.github.com/repos/nushell/nushell/releases/assets/397309746"

[[tools."github:orf/gping"]]
version = "gping-v1.20.1"
backend = "github:orf/gping"

[tools."github:orf/gping"."platforms.linux-arm64"]
checksum = "sha256:d8a46c8e4d66367f1d56c731698784d0fe812bac3e1ec5cef9555ab15e1497d5"
url = "https://github.com/orf/gping/releases/download/gping-v1.20.1/gping-Linux-gnu-arm64.tar.gz"
url_api = "https://api.github.com/repos/orf/gping/releases/assets/282832429"

[tools."github:orf/gping"."platforms.linux-arm64-musl"]
checksum = "sha256:930988ae8d7089e31f58c5bd6484af2117f25493bbc0bee95b47f6ed7f2e7289"
url = "https://github.com/orf/gping/releases/download/gping-v1.20.1/gping-Linux-musl-arm64.tar.gz"
url_api = "https://api.github.com/repos/orf/gping/releases/assets/282832424"

[tools."github:orf/gping"."platforms.linux-x64"]
checksum = "sha256:793a27f578e86d5358ec67fb82a1251741cd3a8ce576ccc9589891380e6c72b0"
url = "https://github.com/orf/gping/releases/download/gping-v1.20.1/gping-Linux-gnu-x86_64.tar.gz"
url_api = "https://api.github.com/repos/orf/gping/releases/assets/282832422"

[tools."github:orf/gping"."platforms.linux-x64-musl"]
checksum = "sha256:d39ce326e7b66765a9a60c85188e14f21b2809470fa3148e6eaac6c9b36600b3"
url = "https://github.com/orf/gping/releases/download/gping-v1.20.1/gping-Linux-musl-x86_64.tar.gz"
url_api = "https://api.github.com/repos/orf/gping/releases/assets/282832428"

[tools."github:orf/gping"."platforms.macos-arm64"]
checksum = "sha256:3cbfdd3653853cb4770542af7a9f259ddf93c08c507883320e4a00dfaaabca2b"
url = "https://github.com/orf/gping/releases/download/gping-v1.20.1/gping-macOS-arm64.tar.gz"
url_api = "https://api.github.com/repos/orf/gping/releases/assets/282832421"

[tools."github:orf/gping"."platforms.macos-x64"]
checksum = "sha256:5c1a7273788f5c9e47650ade9181cd5fc3bcf1978269e0826132af3b9bc69fd0"
url = "https://github.com/orf/gping/releases/download/gping-v1.20.1/gping-macOS-x86_64.tar.gz"
url_api = "https://api.github.com/repos/orf/gping/releases/assets/282832430"

[tools."github:orf/gping"."platforms.windows-x64"]
checksum = "sha256:f08559444bcd7af8d629cbad6a972dea4033a116ff9aaf0b1b2bef2a3cabb0af"
url = "https://github.com/orf/gping/releases/download/gping-v1.20.1/gping-Windows-msvc-x86_64.zip"
url_api = "https://api.github.com/repos/orf/gping/releases/assets/282832427"

[[tools."github:preiter93/wireman"]]
version = "0.3.5"
backend = "github:preiter93/wireman"

[tools."github:preiter93/wireman"."platforms.linux-arm64"]
checksum = "sha256:7c75c9b743175dd255c6baa2874245d342775fbdee8396ea567783db452337d1"
url = "https://github.com/preiter93/wireman/releases/download/v0.3.5/wireman-0.3.5-aarch64-unknown-linux-gnu.tar.gz"
url_api = "https://api.github.com/repos/preiter93/wireman/releases/assets/340133445"

[tools."github:preiter93/wireman"."platforms.linux-arm64-musl"]
checksum = "sha256:7c75c9b743175dd255c6baa2874245d342775fbdee8396ea567783db452337d1"
url = "https://github.com/preiter93/wireman/releases/download/v0.3.5/wireman-0.3.5-aarch64-unknown-linux-gnu.tar.gz"
url_api = "https://api.github.com/repos/preiter93/wireman/releases/assets/340133445"

[tools."github:preiter93/wireman"."platforms.linux-x64"]
checksum = "sha256:a0bb5c2e7164febbf9cd7d079ecd9aaac3d60fc8c45167687a8bf00885990de1"
url = "https://github.com/preiter93/wireman/releases/download/v0.3.5/wireman-0.3.5-x86_64-unknown-linux-gnu.tar.gz"
url_api = "https://api.github.com/repos/preiter93/wireman/releases/assets/340133458"

[tools."github:preiter93/wireman"."platforms.linux-x64-musl"]
checksum = "sha256:a0bb5c2e7164febbf9cd7d079ecd9aaac3d60fc8c45167687a8bf00885990de1"
url = "https://github.com/preiter93/wireman/releases/download/v0.3.5/wireman-0.3.5-x86_64-unknown-linux-gnu.tar.gz"
url_api = "https://api.github.com/repos/preiter93/wireman/releases/assets/340133458"

[tools."github:preiter93/wireman"."platforms.macos-arm64"]
checksum = "sha256:7814244e57150c8bf290cab56094b056844e1c951615dab3ff48266ff2107b2c"
url = "https://github.com/preiter93/wireman/releases/download/v0.3.5/wireman-0.3.5-aarch64-apple-darwin.tar.gz"
url_api = "https://api.github.com/repos/preiter93/wireman/releases/assets/340133423"

[tools."github:preiter93/wireman"."platforms.macos-x64"]
checksum = "sha256:47c59fdfc67e076306e06747133b81f753a48e7bc0bdb834a41294b8d67718d8"
url = "https://github.com/preiter93/wireman/releases/download/v0.3.5/wireman-0.3.5-x86_64-apple-darwin.tar.gz"
url_api = "https://api.github.com/repos/preiter93/wireman/releases/assets/340133539"

[tools."github:preiter93/wireman"."platforms.windows-x64"]
checksum = "sha256:194773cb7b3cb8a3b4d7a208a340f6ff1f8b509414a1e4e565a01085746c3e0c"
url = "https://github.com/preiter93/wireman/releases/download/v0.3.5/wireman-0.3.5-x86_64-pc-windows-msvc.zip"
url_api = "https://api.github.com/repos/preiter93/wireman/releases/assets/340133557"

[[tools."github:sharkdp/hyperfine"]]
version = "1.20.0"
backend = "github:sharkdp/hyperfine"

[tools."github:sharkdp/hyperfine"."platforms.linux-arm64"]
checksum = "sha256:90875cb1db7a1d797c311174d061728361e58fc70e3b62262a00635ac3b1997c"
url = "https://github.com/sharkdp/hyperfine/releases/download/v1.20.0/hyperfine-v1.20.0-aarch64-unknown-linux-gnu.tar.gz"
url_api = "https://api.github.com/repos/sharkdp/hyperfine/releases/assets/317832112"

[tools."github:sharkdp/hyperfine"."platforms.linux-arm64-musl"]
checksum = "sha256:90875cb1db7a1d797c311174d061728361e58fc70e3b62262a00635ac3b1997c"
url = "https://github.com/sharkdp/hyperfine/releases/download/v1.20.0/hyperfine-v1.20.0-aarch64-unknown-linux-gnu.tar.gz"
url_api = "https://api.github.com/repos/sharkdp/hyperfine/releases/assets/317832112"

[tools."github:sharkdp/hyperfine"."platforms.linux-x64"]
checksum = "sha256:63ad53934062118f5b0be11785e0bb1603d4b91667d1921f2fd8df9a8712040a"
url = "https://github.com/sharkdp/hyperfine/releases/download/v1.20.0/hyperfine-v1.20.0-x86_64-unknown-linux-gnu.tar.gz"
url_api = "https://api.github.com/repos/sharkdp/hyperfine/releases/assets/317831911"

[tools."github:sharkdp/hyperfine"."platforms.linux-x64-musl"]
checksum = "sha256:3285ec7959285288137043dd81dce0dde056227018a8277532d9a364b4f03c2b"
url = "https://github.com/sharkdp/hyperfine/releases/download/v1.20.0/hyperfine-v1.20.0-x86_64-unknown-linux-musl.tar.gz"
url_api = "https://api.github.com/repos/sharkdp/hyperfine/releases/assets/317832008"

[tools."github:sharkdp/hyperfine"."platforms.macos-arm64"]
checksum = "sha256:8ee7067016620447c9d2d6234ec9a4680f958b7ad983549b56334668f63075b5"
url = "https://github.com/sharkdp/hyperfine/releases/download/v1.20.0/hyperfine-v1.20.0-aarch64-apple-darwin.tar.gz"
url_api = "https://api.github.com/repos/sharkdp/hyperfine/releases/assets/317831785"

[tools."github:sharkdp/hyperfine"."platforms.macos-x64"]
checksum = "sha256:f58d0b90993fadfa122a351428c469ce24afef3865f027f0e6e86f0830d088f1"
url = "https://github.com/sharkdp/hyperfine/releases/download/v1.20.0/hyperfine-v1.20.0-x86_64-apple-darwin.tar.gz"
url_api = "https://api.github.com/repos/sharkdp/hyperfine/releases/assets/317832526"

[tools."github:sharkdp/hyperfine"."platforms.windows-x64"]
checksum = "sha256:2508c549b049b1d4342d08edc1cb42bfac169082b6e3069431b5bab9822dbb32"
url = "https://github.com/sharkdp/hyperfine/releases/download/v1.20.0/hyperfine-v1.20.0-x86_64-pc-windows-msvc.zip"
url_api = "https://api.github.com/repos/sharkdp/hyperfine/releases/assets/317832313"

[[tools."github:sibprogrammer/xq"]]
version = "1.4.0"
backend = "github:sibprogrammer/xq"

[tools."github:sibprogrammer/xq"."platforms.linux-arm64"]
checksum = "sha256:d511ce8cb96fd7bf2d01e172d19b5d831a49fd7d6adf4106072ccab885bc4202"
url = "https://github.com/sibprogrammer/xq/releases/download/v1.4.0/xq_1.4.0_linux_arm64.tar.gz"
url_api = "https://api.github.com/repos/sibprogrammer/xq/releases/assets/363566304"

[tools."github:sibprogrammer/xq"."platforms.linux-arm64-musl"]
checksum = "sha256:d511ce8cb96fd7bf2d01e172d19b5d831a49fd7d6adf4106072ccab885bc4202"
url = "https://github.com/sibprogrammer/xq/releases/download/v1.4.0/xq_1.4.0_linux_arm64.tar.gz"
url_api = "https://api.github.com/repos/sibprogrammer/xq/releases/assets/363566304"

[tools."github:sibprogrammer/xq"."platforms.linux-x64"]
checksum = "sha256:467e83864c3cf70a3a0754cd08070d21fa4b5fbccb8eb10ac3d7ea499fa48217"
url = "https://github.com/sibprogrammer/xq/releases/download/v1.4.0/xq_1.4.0_linux_amd64.tar.gz"
url_api = "https://api.github.com/repos/sibprogrammer/xq/releases/assets/363566303"

[tools."github:sibprogrammer/xq"."platforms.linux-x64-musl"]
checksum = "sha256:467e83864c3cf70a3a0754cd08070d21fa4b5fbccb8eb10ac3d7ea499fa48217"
url = "https://github.com/sibprogrammer/xq/releases/download/v1.4.0/xq_1.4.0_linux_amd64.tar.gz"
url_api = "https://api.github.com/repos/sibprogrammer/xq/releases/assets/363566303"

[tools."github:sibprogrammer/xq"."platforms.macos-arm64"]
checksum = "sha256:173200e7d8eabf515dfc0f8eae0717d221faeabdf591ef2810a6c0073ec7412f"
url = "https://github.com/sibprogrammer/xq/releases/download/v1.4.0/xq_1.4.0_darwin_arm64.tar.gz"
url_api = "https://api.github.com/repos/sibprogrammer/xq/releases/assets/363566287"

[tools."github:sibprogrammer/xq"."platforms.macos-x64"]
checksum = "sha256:4208f75015c7dea34d5cd1fe76c8e9d6aa24ae6a10bdfd866ea40cc33af36b01"
url = "https://github.com/sibprogrammer/xq/releases/download/v1.4.0/xq_1.4.0_darwin_amd64.tar.gz"
url_api = "https://api.github.com/repos/sibprogrammer/xq/releases/assets/363566307"

[tools."github:sibprogrammer/xq"."platforms.windows-x64"]
checksum = "sha256:836ef8e356fb9a8a67c0688d4ad287d63f0154e0c9104abf2423e9f5da5d964a"
url = "https://github.com/sibprogrammer/xq/releases/download/v1.4.0/xq_1.4.0_windows_amd64.zip"
url_api = "https://api.github.com/repos/sibprogrammer/xq/releases/assets/363566302"

[[tools.helm]]
version = "4.1.4"
backend = "aqua:helm/helm"

[tools.helm."platforms.linux-arm64"]
checksum = "sha256:13d03672be289045d2ff00e4e345d61de1c6f21c1257a45955a30e8ae036d8f1"
url = "https://get.helm.sh/helm-v4.1.4-linux-arm64.tar.gz"

[tools.helm."platforms.linux-arm64-musl"]
checksum = "sha256:13d03672be289045d2ff00e4e345d61de1c6f21c1257a45955a30e8ae036d8f1"
url = "https://get.helm.sh/helm-v4.1.4-linux-arm64.tar.gz"

[tools.helm."platforms.linux-x64"]
checksum = "sha256:70b2c30a19da4db264dfd68c8a3664e05093a361cefd89572ffb36f8abfa3d09"
url = "https://get.helm.sh/helm-v4.1.4-linux-amd64.tar.gz"

[tools.helm."platforms.linux-x64-musl"]
checksum = "sha256:70b2c30a19da4db264dfd68c8a3664e05093a361cefd89572ffb36f8abfa3d09"
url = "https://get.helm.sh/helm-v4.1.4-linux-amd64.tar.gz"

[tools.helm."platforms.macos-arm64"]
checksum = "sha256:7c2eca678e8001fa863cdf8cbf6ac1b3799f9404a89eb55c08260ef5732e658d"
url = "https://get.helm.sh/helm-v4.1.4-darwin-arm64.tar.gz"

[tools.helm."platforms.macos-x64"]
checksum = "sha256:abf09c8503ad1d8ef76d3737a058c3456a998aae5f5966fce4bb3031aeb1654e"
url = "https://get.helm.sh/helm-v4.1.4-darwin-amd64.tar.gz"

[tools.helm."platforms.windows-x64"]
checksum = "sha256:f6a7bca730093d5b859a33141d34361f1cc7bc358657b48c75ce36e1e8bdf8b6"
url = "https://get.helm.sh/helm-v4.1.4-windows-amd64.tar.gz"

[[tools.kubectl]]
version = "1.36.0"
backend = "aqua:kubernetes/kubernetes/kubectl"

[tools.kubectl."platforms.linux-arm64"]
checksum = "sha256:9f9d9c44a7b5264515ac9da5991584e2395bd50662e651132337e7b4d0c56f8f"
url = "https://dl.k8s.io/v1.36.0/bin/linux/arm64/kubectl"

[tools.kubectl."platforms.linux-arm64-musl"]
checksum = "sha256:9f9d9c44a7b5264515ac9da5991584e2395bd50662e651132337e7b4d0c56f8f"
url = "https://dl.k8s.io/v1.36.0/bin/linux/arm64/kubectl"

[tools.kubectl."platforms.linux-x64"]
checksum = "sha256:123d8c8844f46b1244c547fffb3c17180c0c26dac9890589fe7e67763298748e"
url = "https://dl.k8s.io/v1.36.0/bin/linux/amd64/kubectl"

[tools.kubectl."platforms.linux-x64-musl"]
checksum = "sha256:123d8c8844f46b1244c547fffb3c17180c0c26dac9890589fe7e67763298748e"
url = "https://dl.k8s.io/v1.36.0/bin/linux/amd64/kubectl"

[tools.kubectl."platforms.macos-arm64"]
checksum = "sha256:4bcf268eacdc1d2df74e37d86f639f27ca7dea3ae185b7b452b73b9fb5ddc14e"
url = "https://dl.k8s.io/v1.36.0/bin/darwin/arm64/kubectl"

[tools.kubectl."platforms.macos-x64"]
checksum = "sha256:06d7e9a3a26a326d43102c70b19f9d233db219d09890e558dbdc3647db732f06"
url = "https://dl.k8s.io/v1.36.0/bin/darwin/amd64/kubectl"

[tools.kubectl."platforms.windows-x64"]
checksum = "sha256:9abf2164fe79d9d80185ff5085f6154eda9d21793ee18fa8dff34dfffffed36d"
url = "https://dl.k8s.io/v1.36.0/bin/windows/amd64/kubectl.exe"

[[tools.lazydocker]]
version = "0.25.2"
backend = "aqua:jesseduffield/lazydocker"

[tools.lazydocker."platforms.linux-arm64"]
checksum = "sha256:005c38b685aaa557e7d646d83a3dadb5024340eeed8c6a2e1949eee6f530de23"
url = "https://github.com/jesseduffield/lazydocker/releases/download/v0.25.2/lazydocker_0.25.2_Linux_arm64.tar.gz"

[tools.lazydocker."platforms.linux-arm64-musl"]
checksum = "sha256:005c38b685aaa557e7d646d83a3dadb5024340eeed8c6a2e1949eee6f530de23"
url = "https://github.com/jesseduffield/lazydocker/releases/download/v0.25.2/lazydocker_0.25.2_Linux_arm64.tar.gz"

[tools.lazydocker."platforms.linux-x64"]
checksum = "sha256:0d9dbfc26068b218e7ed84b104748cadc6e3cf733c0afd35465306fb39b9523c"
url = "https://github.com/jesseduffield/lazydocker/releases/download/v0.25.2/lazydocker_0.25.2_Linux_x86_64.tar.gz"

[tools.lazydocker."platforms.linux-x64-musl"]
checksum = "sha256:0d9dbfc26068b218e7ed84b104748cadc6e3cf733c0afd35465306fb39b9523c"
url = "https://github.com/jesseduffield/lazydocker/releases/download/v0.25.2/lazydocker_0.25.2_Linux_x86_64.tar.gz"

[tools.lazydocker."platforms.macos-arm64"]
checksum = "sha256:4a54d7b4abdf255b2bce9806641eac5568d5b7fbc820c1b5d3f9e34ea1367d60"
url = "https://github.com/jesseduffield/lazydocker/releases/download/v0.25.2/lazydocker_0.25.2_Darwin_arm64.tar.gz"

[tools.lazydocker."platforms.macos-x64"]
checksum = "sha256:af70b6e234089aa24924db25fc201d17f224e76d334e743e4595d30cf83a013b"
url = "https://github.com/jesseduffield/lazydocker/releases/download/v0.25.2/lazydocker_0.25.2_Darwin_x86_64.tar.gz"

[tools.lazydocker."platforms.windows-x64"]
checksum = "sha256:facae8869c1bf144468191c563002162273a2c2761f052659170530cae3fa8a9"
url = "https://github.com/jesseduffield/lazydocker/releases/download/v0.25.2/lazydocker_0.25.2_Windows_x86_64.zip"

[[tools.opentofu]]
version = "1.11.6"
backend = "aqua:opentofu/opentofu"

[tools.opentofu."platforms.linux-arm64"]
checksum = "sha256:d4f2ab15776925864b049bb329d69682851de6f5204f256e9fa86d07a0308850"
url = "https://github.com/opentofu/opentofu/releases/download/v1.11.6/tofu_1.11.6_linux_arm64.tar.gz"

[tools.opentofu."platforms.linux-arm64-musl"]
checksum = "sha256:d4f2ab15776925864b049bb329d69682851de6f5204f256e9fa86d07a0308850"
url = "https://github.com/opentofu/opentofu/releases/download/v1.11.6/tofu_1.11.6_linux_arm64.tar.gz"

[tools.opentofu."platforms.linux-x64"]
checksum = "sha256:02800fafa2753a9f50c38483e2fdf5bc353fd62895eb9e25eec9a5145df3a69e"
url = "https://github.com/opentofu/opentofu/releases/download/v1.11.6/tofu_1.11.6_linux_amd64.tar.gz"

[tools.opentofu."platforms.linux-x64-musl"]
checksum = "sha256:02800fafa2753a9f50c38483e2fdf5bc353fd62895eb9e25eec9a5145df3a69e"
url = "https://github.com/opentofu/opentofu/releases/download/v1.11.6/tofu_1.11.6_linux_amd64.tar.gz"

[tools.opentofu."platforms.macos-arm64"]
checksum = "sha256:62d7fa8539e13b444827aa0a3b90c5972da5c47e8f8882d9dcf2e430e78840c1"
url = "https://github.com/opentofu/opentofu/releases/download/v1.11.6/tofu_1.11.6_darwin_arm64.tar.gz"

[tools.opentofu."platforms.macos-x64"]
checksum = "sha256:1408cdef1c380f914565e6b4bb70794c6b163f195fcb233357f3d6c5745906b6"
url = "https://github.com/opentofu/opentofu/releases/download/v1.11.6/tofu_1.11.6_darwin_amd64.tar.gz"

[tools.opentofu."platforms.windows-x64"]
checksum = "sha256:27323f70c875b8251bfd7e61a4cffc3ebff4e56ed1e611b955016f0c7077367e"
url = "https://github.com/opentofu/opentofu/releases/download/v1.11.6/tofu_1.11.6_windows_amd64.tar.gz"

[[tools.terraform]]
version = "1.15.2"
backend = "aqua:hashicorp/terraform"

[tools.terraform."platforms.linux-arm64"]
checksum = "sha256:cf27657e96bbdc6116f4c16a0c801d36ae6410d7210183a520ac6b2198fb723e"
url = "https://releases.hashicorp.com/terraform/1.15.2/terraform_1.15.2_linux_arm64.zip"

[tools.terraform."platforms.linux-arm64-musl"]
checksum = "sha256:cf27657e96bbdc6116f4c16a0c801d36ae6410d7210183a520ac6b2198fb723e"
url = "https://releases.hashicorp.com/terraform/1.15.2/terraform_1.15.2_linux_arm64.zip"

[tools.terraform."platforms.linux-x64"]
checksum = "sha256:c56ff2bc7e6ce9b3879a50392b03c2ea074b47688bf503ff966c87fb01b2aab8"
url = "https://releases.hashicorp.com/terraform/1.15.2/terraform_1.15.2_linux_amd64.zip"

[tools.terraform."platforms.linux-x64-musl"]
checksum = "sha256:c56ff2bc7e6ce9b3879a50392b03c2ea074b47688bf503ff966c87fb01b2aab8"
url = "https://releases.hashicorp.com/terraform/1.15.2/terraform_1.15.2_linux_amd64.zip"

[tools.terraform."platforms.macos-arm64"]
checksum = "sha256:4204bc3450418a7ce423e58451b053e5daed625ad6c6a15de98bc09345269f99"
url = "https://releases.hashicorp.com/terraform/1.15.2/terraform_1.15.2_darwin_arm64.zip"

[tools.terraform."platforms.macos-x64"]
checksum = "sha256:2bb701bc2db93ed39613df4f4e033ec4c2de9eba1c036d9a2f62cffc988af066"
url = "https://releases.hashicorp.com/terraform/1.15.2/terraform_1.15.2_darwin_amd64.zip"

[tools.terraform."platforms.windows-x64"]
checksum = "sha256:a7e25570dd85f363581e96cac0b468257c45945ca8875d951413b6606c9b86d4"
url = "https://releases.hashicorp.com/terraform/1.15.2/terraform_1.15.2_windows_amd64.zip"
