# @generated - this file is auto-generated by `mise lock` https://mise.en.dev/dev-tools/mise-lock.html

[[tools.argocd]]
version = "3.4.2"
backend = "aqua:argoproj/argo-cd"

[tools.argocd."platforms.linux-arm64"]
checksum = "sha256:d0b74511242b2b4827dea6435092ef8b1402eb26c29c00944934e546a6445944"
url = "https://github.com/argoproj/argo-cd/releases/download/v3.4.2/argocd-linux-arm64"

[tools.argocd."platforms.linux-arm64".provenance.slsa]
url = "https://github.com/argoproj/argo-cd/releases/download/v3.4.2/argocd-cli.intoto.jsonl"

[tools.argocd."platforms.linux-arm64-musl"]
checksum = "sha256:d0b74511242b2b4827dea6435092ef8b1402eb26c29c00944934e546a6445944"
url = "https://github.com/argoproj/argo-cd/releases/download/v3.4.2/argocd-linux-arm64"

[tools.argocd."platforms.linux-arm64-musl".provenance.slsa]
url = "https://github.com/argoproj/argo-cd/releases/download/v3.4.2/argocd-cli.intoto.jsonl"

[tools.argocd."platforms.linux-x64"]
checksum = "sha256:d4cb1ac8002baab8afaca2da3de597b613df8459074bc7c6d96dc95161c2a33f"
url = "https://github.com/argoproj/argo-cd/releases/download/v3.4.2/argocd-linux-amd64"

[tools.argocd."platforms.linux-x64".provenance.slsa]
url = "https://github.com/argoproj/argo-cd/releases/download/v3.4.2/argocd-cli.intoto.jsonl"

[tools.argocd."platforms.linux-x64-musl"]
checksum = "sha256:d4cb1ac8002baab8afaca2da3de597b613df8459074bc7c6d96dc95161c2a33f"
url = "https://github.com/argoproj/argo-cd/releases/download/v3.4.2/argocd-linux-amd64"

[tools.argocd."platforms.linux-x64-musl".provenance.slsa]
url = "https://github.com/argoproj/argo-cd/releases/download/v3.4.2/argocd-cli.intoto.jsonl"

[tools.argocd."platforms.macos-arm64"]
checksum = "sha256:25c82417f3a487079fed4975744b3571f66ff6caf479a888246b2491ed66b680"
url = "https://github.com/argoproj/argo-cd/releases/download/v3.4.2/argocd-darwin-arm64"

[tools.argocd."platforms.macos-arm64".provenance.slsa]
url = "https://github.com/argoproj/argo-cd/releases/download/v3.4.2/argocd-cli.intoto.jsonl"

[tools.argocd."platforms.macos-x64"]
checksum = "sha256:20aa45c968190f8c408b473ef7b3e25ed41bb1754f705f3c675a14cad53c8c01"
url = "https://github.com/argoproj/argo-cd/releases/download/v3.4.2/argocd-darwin-amd64"

[tools.argocd."platforms.macos-x64".provenance.slsa]
url = "https://github.com/argoproj/argo-cd/releases/download/v3.4.2/argocd-cli.intoto.jsonl"

[tools.argocd."platforms.windows-x64"]
checksum = "sha256:430fbb627c71465e0d076653b6b9b8785c1bbbb1e49aafb36df174327e5db918"
url = "https://github.com/argoproj/argo-cd/releases/download/v3.4.2/argocd-windows-amd64.exe"

[tools.argocd."platforms.windows-x64".provenance.slsa]
url = "https://github.com/argoproj/argo-cd/releases/download/v3.4.2/argocd-cli.intoto.jsonl"

[[tools."cargo:du-dust"]]
version = "1.2.4"
backend = "cargo:du-dust"

[[tools."cargo:forgejo-cli"]]
version = "0.5.0"
backend = "cargo:forgejo-cli"

[[tools."cargo:htmlq"]]
version = "0.4.0"
backend = "cargo:htmlq"

[[tools.dive]]
version = "0.13.1"
backend = "aqua:wagoodman/dive"

[tools.dive."platforms.linux-arm64"]
checksum = "sha256:2fcd2cf20f634ccdb41efac44048b204bfc867c115641f37a7420693ed480a18"
url = "https://github.com/wagoodman/dive/releases/download/v0.13.1/dive_0.13.1_linux_arm64.tar.gz"

[tools.dive."platforms.linux-arm64-musl"]
checksum = "sha256:2fcd2cf20f634ccdb41efac44048b204bfc867c115641f37a7420693ed480a18"
url = "https://github.com/wagoodman/dive/releases/download/v0.13.1/dive_0.13.1_linux_arm64.tar.gz"

[tools.dive."platforms.linux-x64"]
checksum = "sha256:0970549eb4a306f8825a84145a2534153badb4d7dcf3febd1967c706367c3d0e"
url = "https://github.com/wagoodman/dive/releases/download/v0.13.1/dive_0.13.1_linux_amd64.tar.gz"

[tools.dive."platforms.linux-x64-musl"]
checksum = "sha256:0970549eb4a306f8825a84145a2534153badb4d7dcf3febd1967c706367c3d0e"
url = "https://github.com/wagoodman/dive/releases/download/v0.13.1/dive_0.13.1_linux_amd64.tar.gz"

[tools.dive."platforms.macos-arm64"]
checksum = "sha256:38b7fa95a13e7f4d0b3060c875fe7427c2a0613ecff674bb45156eb34bca0b09"
url = "https://github.com/wagoodman/dive/releases/download/v0.13.1/dive_0.13.1_darwin_arm64.tar.gz"

[tools.dive."platforms.macos-x64"]
checksum = "sha256:04e4c1bac21be3aef99799cf0e470149a072ea4786be50718aa846cd13746523"
url = "https://github.com/wagoodman/dive/releases/download/v0.13.1/dive_0.13.1_darwin_amd64.tar.gz"

[tools.dive."platforms.windows-x64"]
checksum = "sha256:3e764ff28c7b89f4da679deac80483249fbbae3a1d512c103d54609eec09086a"
url = "https://github.com/wagoodman/dive/releases/download/v0.13.1/dive_0.13.1_windows_amd64.zip"

[[tools."github:babs/multiping"]]
version = "1.5.1"
backend = "github:babs/multiping"

[tools."github:babs/multiping"."platforms.linux-arm64"]
checksum = "sha256:9e9809bc7fdac8b7d4b2441ad0caee427975b6a3b555c7c00bb0c85ffa8c9ebb"
url = "https://github.com/babs/multiping/releases/download/v1.5.1/multiping-linux-arm64.xz"
url_api = "https://api.github.com/repos/babs/multiping/releases/assets/326469605"

[tools."github:babs/multiping"."platforms.linux-arm64-musl"]
checksum = "sha256:9e9809bc7fdac8b7d4b2441ad0caee427975b6a3b555c7c00bb0c85ffa8c9ebb"
url = "https://github.com/babs/multiping/releases/download/v1.5.1/multiping-linux-arm64.xz"
url_api = "https://api.github.com/repos/babs/multiping/releases/assets/326469605"

[tools."github:babs/multiping"."platforms.linux-x64"]
checksum = "sha256:b665ad757b5c4ce40e1366a31cce0c580024dbfe9f87607e22bc5976a64c061a"
url = "https://github.com/babs/multiping/releases/download/v1.5.1/multiping-linux-amd64.xz"
url_api = "https://api.github.com/repos/babs/multiping/releases/assets/326469597"

[tools."github:babs/multiping"."platforms.linux-x64-musl"]
checksum = "sha256:b665ad757b5c4ce40e1366a31cce0c580024dbfe9f87607e22bc5976a64c061a"
url = "https://github.com/babs/multiping/releases/download/v1.5.1/multiping-linux-amd64.xz"
url_api = "https://api.github.com/repos/babs/multiping/releases/assets/326469597"

[tools."github:babs/multiping"."platforms.macos-arm64"]
checksum = "sha256:6fd1bcd59f2d109ed4f565eeaf2f1d67845ef13601cb307dc558cee3c65b3c22"
url = "https://github.com/babs/multiping/releases/download/v1.5.1/multiping-darwin-arm64.xz"
url_api = "https://api.github.com/repos/babs/multiping/releases/assets/326469559"

[tools."github:babs/multiping"."platforms.macos-x64"]
checksum = "sha256:95d2458142d6f20bbbdb9f7aca4e3939cb4d84265a66830101d6e188877cb17b"
url = "https://github.com/babs/multiping/releases/download/v1.5.1/multiping-darwin-amd64.xz"
url_api = "https://api.github.com/repos/babs/multiping/releases/assets/326469556"

[tools."github:babs/multiping"."platforms.windows-x64"]
checksum = "sha256:799e7849ae91b4b3f3a1043ffcbb24175d0095c45c32858d2e97a55a70b7ee06"
url = "https://github.com/babs/multiping/releases/download/v1.5.1/multiping-windows-amd64.zip"
url_api = "https://api.github.com/repos/babs/multiping/releases/assets/326469657"

[[tools."github:bgreenwell/lstr"]]
version = "0.2.1"
backend = "github:bgreenwell/lstr"

[tools."github:bgreenwell/lstr"."platforms.linux-x64"]
checksum = "sha256:4408ed12f10fa596ae12a20108cfe5ead4a938a3a6a4b5ce5d1c7cdb696add3f"
url = "https://github.com/bgreenwell/lstr/releases/download/v0.2.1/lstr-linux-x86_64.tar.gz"
url_api = "https://api.github.com/repos/bgreenwell/lstr/releases/assets/266658086"

[tools."github:bgreenwell/lstr"."platforms.linux-x64-musl"]
checksum = "sha256:4408ed12f10fa596ae12a20108cfe5ead4a938a3a6a4b5ce5d1c7cdb696add3f"
url = "https://github.com/bgreenwell/lstr/releases/download/v0.2.1/lstr-linux-x86_64.tar.gz"
url_api = "https://api.github.com/repos/bgreenwell/lstr/releases/assets/266658086"

[tools."github:bgreenwell/lstr"."platforms.macos-arm64"]
checksum = "sha256:6b7fae4229d3d317defc774b9de5d079fb439fa2c40bb1e01b4099e182a8680c"
url = "https://github.com/bgreenwell/lstr/releases/download/v0.2.1/lstr-macos-arm64.tar.gz"
url_api = "https://api.github.com/repos/bgreenwell/lstr/releases/assets/266658100"

[tools."github:bgreenwell/lstr"."platforms.macos-x64"]
checksum = "sha256:554108574d4de9cfe9207dd3937e9b9d3df2b4cadfb66a9d2c4376bbff6a25df"
url = "https://github.com/bgreenwell/lstr/releases/download/v0.2.1/lstr-macos-x86_64.tar.gz"
url_api = "https://api.github.com/repos/bgreenwell/lstr/releases/assets/266658049"

[tools."github:bgreenwell/lstr"."platforms.windows-x64"]
checksum = "sha256:8296ee4593d4b9bfa77512e6f2b5a0c75f67703a7b4d3348b78ad75241e13f5e"
url = "https://github.com/bgreenwell/lstr/releases/download/v0.2.1/lstr-windows-x86_64.zip"
url_api = "https://api.github.com/repos/bgreenwell/lstr/releases/assets/266658595"

[[tools."github:dkarter/pdf-redact"]]
version = "0.2.7"
backend = "github:dkarter/pdf-redact"

[tools."github:dkarter/pdf-redact"."platforms.linux-x64"]
checksum = "sha256:dd88c665dc75704fb595a3e135f881cea81384e15bbca0bdb0a857d451f72a40"
url = "https://github.com/dkarter/pdf-redact/releases/download/v0.2.7/pdf-redact-v0.2.7-linux-x64.tar.gz"
url_api = "https://api.github.com/repos/dkarter/pdf-redact/releases/assets/352939669"

[tools."github:dkarter/pdf-redact"."platforms.linux-x64-musl"]
checksum = "sha256:dd88c665dc75704fb595a3e135f881cea81384e15bbca0bdb0a857d451f72a40"
url = "https://github.com/dkarter/pdf-redact/releases/download/v0.2.7/pdf-redact-v0.2.7-linux-x64.tar.gz"
url_api = "https://api.github.com/repos/dkarter/pdf-redact/releases/assets/352939669"

[tools."github:dkarter/pdf-redact"."platforms.macos-arm64"]
checksum = "sha256:131718ccee1730352f85685ddc687a3d60b33d6a6dd7c905719a82298e6976b1"
url = "https://github.com/dkarter/pdf-redact/releases/download/v0.2.7/pdf-redact-v0.2.7-darwin-arm64.tar.gz"
url_api = "https://api.github.com/repos/dkarter/pdf-redact/releases/assets/352939680"

[tools."github:dkarter/pdf-redact"."platforms.macos-x64"]
checksum = "sha256:108743b34ac46546aa3206af2d72c7dea2561de17712d56fc548e2d373e959ad"
url = "https://github.com/dkarter/pdf-redact/releases/download/v0.2.7/pdf-redact-v0.2.7-darwin-x64.tar.gz"
url_api = "https://api.github.com/repos/dkarter/pdf-redact/releases/assets/352940242"

[tools."github:dkarter/pdf-redact"."platforms.windows-x64"]
checksum = "sha256:0f5c3db766ac9f170de9c9df1e57872bc718034b74a798ce60bbdedccafba001"
url = "https://github.com/dkarter/pdf-redact/releases/download/v0.2.7/pdf-redact-v0.2.7-windows-x64.zip"
url_api = "https://api.github.com/repos/dkarter/pdf-redact/releases/assets/352940373"

[[tools."github:ip7z/7zip"]]
version = "26.01"
backend = "github:ip7z/7zip"

[tools."github:ip7z/7zip"."platforms.linux-arm64"]
checksum = "sha256:39f8c9070c300a63c7484d9a983119ef3edf841e1ddf69f1affae29fdec5f612"
url = "https://github.com/ip7z/7zip/releases/download/26.01/7z2601-linux-arm64.tar.xz"
url_api = "https://api.github.com/repos/ip7z/7zip/releases/assets/406732445"

[tools."github:ip7z/7zip"."platforms.linux-arm64-musl"]
checksum = "sha256:39f8c9070c300a63c7484d9a983119ef3edf841e1ddf69f1affae29fdec5f612"
url = "https://github.com/ip7z/7zip/releases/download/26.01/7z2601-linux-arm64.tar.xz"
url_api = "https://api.github.com/repos/ip7z/7zip/releases/assets/406732445"

[tools."github:ip7z/7zip"."platforms.linux-x64"]
checksum = "sha256:8ea0fc8a135e7b848e80a4116fe22dff56c8c4518dde1f43cce67f4e340b437a"
url = "https://github.com/ip7z/7zip/releases/download/26.01/7z2601-linux-x64.tar.xz"
url_api = "https://api.github.com/repos/ip7z/7zip/releases/assets/406732449"

[tools."github:ip7z/7zip"."platforms.linux-x64-musl"]
checksum = "sha256:8ea0fc8a135e7b848e80a4116fe22dff56c8c4518dde1f43cce67f4e340b437a"
url = "https://github.com/ip7z/7zip/releases/download/26.01/7z2601-linux-x64.tar.xz"
url_api = "https://api.github.com/repos/ip7z/7zip/releases/assets/406732449"

[tools."github:ip7z/7zip"."platforms.macos-arm64"]
checksum = "sha256:0b6b930dbf82742e3f1014c35072a6b8b3aab183fece348e7f723675f1c5bea2"
url = "https://github.com/ip7z/7zip/releases/download/26.01/7z2601-mac.tar.xz"
url_api = "https://api.github.com/repos/ip7z/7zip/releases/assets/406732461"

[tools."github:ip7z/7zip"."platforms.macos-x64"]
checksum = "sha256:0b6b930dbf82742e3f1014c35072a6b8b3aab183fece348e7f723675f1c5bea2"
url = "https://github.com/ip7z/7zip/releases/download/26.01/7z2601-mac.tar.xz"
url_api = "https://api.github.com/repos/ip7z/7zip/releases/assets/406732461"

[tools."github:ip7z/7zip"."platforms.windows-x64"]
checksum = "sha256:d64a0468f5b5b0b0fc5b2188450bcd655b70809d97b1c4535f2884635094377d"
url = "https://github.com/ip7z/7zip/releases/download/26.01/7z2601-x64.exe"
url_api = "https://api.github.com/repos/ip7z/7zip/releases/assets/406732487"

[[tools."github:kdash-rs/kdash"]]
version = "1.1.2"
backend = "github:kdash-rs/kdash"

[tools."github:kdash-rs/kdash"."platforms.linux-arm64"]
checksum = "sha256:5bd3acb7f560ee52b8badfd8dce1db7299e9eb396685065b5149f0678691715b"
url = "https://github.com/kdash-rs/kdash/releases/download/v1.1.2/kdash-linux.tar.gz"
url_api = "https://api.github.com/repos/kdash-rs/kdash/releases/assets/423144999"

[tools."github:kdash-rs/kdash"."platforms.linux-arm64-musl"]
checksum = "sha256:7c3130a47f68f1d30ba858635e5ede33bb360972d0213bd90116156e0c9e2082"
url = "https://github.com/kdash-rs/kdash/releases/download/v1.1.2/kdash-linux-musl.tar.gz"
url_api = "https://api.github.com/repos/kdash-rs/kdash/releases/assets/423145255"

[tools."github:kdash-rs/kdash"."platforms.linux-x64"]
checksum = "sha256:5bd3acb7f560ee52b8badfd8dce1db7299e9eb396685065b5149f0678691715b"
url = "https://github.com/kdash-rs/kdash/releases/download/v1.1.2/kdash-linux.tar.gz"
url_api = "https://api.github.com/repos/kdash-rs/kdash/releases/assets/423144999"

[tools."github:kdash-rs/kdash"."platforms.linux-x64-musl"]
checksum = "sha256:7c3130a47f68f1d30ba858635e5ede33bb360972d0213bd90116156e0c9e2082"
url = "https://github.com/kdash-rs/kdash/releases/download/v1.1.2/kdash-linux-musl.tar.gz"
url_api = "https://api.github.com/repos/kdash-rs/kdash/releases/assets/423145255"

[tools."github:kdash-rs/kdash"."platforms.macos-arm64"]
checksum = "sha256:9624193f4b89b7fea38661eece2f8bae26938bcc507bce3961f11f4a74ad33f6"
url = "https://github.com/kdash-rs/kdash/releases/download/v1.1.2/kdash-macos-arm64.tar.gz"
url_api = "https://api.github.com/repos/kdash-rs/kdash/releases/assets/423142984"

[tools."github:kdash-rs/kdash"."platforms.macos-x64"]
checksum = "sha256:b1ac98d8407e5bfe01fc0de30bf4837640d7921463736c0a24ddf100c7599400"
url = "https://github.com/kdash-rs/kdash/releases/download/v1.1.2/kdash-macos.tar.gz"
url_api = "https://api.github.com/repos/kdash-rs/kdash/releases/assets/423145841"

[tools."github:kdash-rs/kdash"."platforms.windows-x64"]
checksum = "sha256:38736b94292fa5339b78eb0657da7a48a44769504ad0b5454b05b0f41c60e555"
url = "https://github.com/kdash-rs/kdash/releases/download/v1.1.2/kdash-windows.tar.gz"
url_api = "https://api.github.com/repos/kdash-rs/kdash/releases/assets/423149668"

[[tools."github:mr-karan/doggo"]]
version = "1.1.7"
backend = "github:mr-karan/doggo"

[tools."github:mr-karan/doggo"."platforms.linux-arm64"]
checksum = "sha256:647382022cd7068b7995a7616c6b27291491d5737ebd32cba2879d6601e13b2b"
url = "https://github.com/mr-karan/doggo/releases/download/v1.1.7/doggo_1.1.7_Linux_arm64.tar.gz"
url_api = "https://api.github.com/repos/mr-karan/doggo/releases/assets/429276030"

[tools."github:mr-karan/doggo"."platforms.linux-arm64-musl"]
checksum = "sha256:647382022cd7068b7995a7616c6b27291491d5737ebd32cba2879d6601e13b2b"
url = "https://github.com/mr-karan/doggo/releases/download/v1.1.7/doggo_1.1.7_Linux_arm64.tar.gz"
url_api = "https://api.github.com/repos/mr-karan/doggo/releases/assets/429276030"

[tools."github:mr-karan/doggo"."platforms.linux-x64"]
checksum = "sha256:a908d045dbda977482927fd90ee1ab2020115fbf0905b93c7d6ef40d357b5392"
url = "https://github.com/mr-karan/doggo/releases/download/v1.1.7/doggo_1.1.7_Linux_x86_64.tar.gz"
url_api = "https://api.github.com/repos/mr-karan/doggo/releases/assets/429276074"

[tools."github:mr-karan/doggo"."platforms.linux-x64-musl"]
checksum = "sha256:a908d045dbda977482927fd90ee1ab2020115fbf0905b93c7d6ef40d357b5392"
url = "https://github.com/mr-karan/doggo/releases/download/v1.1.7/doggo_1.1.7_Linux_x86_64.tar.gz"
url_api = "https://api.github.com/repos/mr-karan/doggo/releases/assets/429276074"

[tools."github:mr-karan/doggo"."platforms.macos-arm64"]
checksum = "sha256:dfe4c061cf7f581cd3712d9a75086548309d6fa41a7c7733e56d14507ea4398f"
url = "https://github.com/mr-karan/doggo/releases/download/v1.1.7/doggo_1.1.7_Darwin_arm64.tar.gz"
url_api = "https://api.github.com/repos/mr-karan/doggo/releases/assets/429276029"

[tools."github:mr-karan/doggo"."platforms.macos-x64"]
checksum = "sha256:cc601258eb4aca0fde5817ccccdf2dcd42c732eb87ef230b377e850119ce9d8a"
url = "https://github.com/mr-karan/doggo/releases/download/v1.1.7/doggo_1.1.7_Darwin_x86_64.tar.gz"
url_api = "https://api.github.com/repos/mr-karan/doggo/releases/assets/429276057"

[tools."github:mr-karan/doggo"."platforms.windows-x64"]
checksum = "sha256:f26b855ad241db1c3c1f86bb80206aefe433ace71fa391b87ed75e293dbe03f8"
url = "https://github.com/mr-karan/doggo/releases/download/v1.1.7/doggo_1.1.7_Windows_x86_64.zip"
url_api = "https://api.github.com/repos/mr-karan/doggo/releases/assets/429276059"

[[tools."github:nushell/nushell"]]
version = "0.113.0"
backend = "github:nushell/nushell"

[tools."github:nushell/nushell"."platforms.linux-arm64"]
checksum = "sha256:c914bfcf42d08512d7aa3a7942e5b8cda943428e8e0827a0d6a16b61e621475f"
url = "https://github.com/nushell/nushell/releases/download/0.113.0/nu-0.113.0-aarch64-unknown-linux-gnu.tar.gz"
url_api = "https://api.github.com/repos/nushell/nushell/releases/assets/428250725"

[tools."github:nushell/nushell"."platforms.linux-arm64-musl"]
checksum = "sha256:7152537c097f26039fe1919406bbe357565fcf1c9c87196e36418c6de4ef79ab"
url = "https://github.com/nushell/nushell/releases/download/0.113.0/nu-0.113.0-aarch64-unknown-linux-musl.tar.gz"
url_api = "https://api.github.com/repos/nushell/nushell/releases/assets/428251155"

[tools."github:nushell/nushell"."platforms.linux-x64"]
checksum = "sha256:68c0f84254b23ed86d1582797d32f73db0969fa39297b3cc339656e634663468"
url = "https://github.com/nushell/nushell/releases/download/0.113.0/nu-0.113.0-x86_64-unknown-linux-gnu.tar.gz"
url_api = "https://api.github.com/repos/nushell/nushell/releases/assets/428249929"

[tools."github:nushell/nushell"."platforms.linux-x64-musl"]
checksum = "sha256:6e94ee0035367c471b34dada57a735e55f5613d97ac3fa58c0ef241f22a12ede"
url = "https://github.com/nushell/nushell/releases/download/0.113.0/nu-0.113.0-x86_64-unknown-linux-musl.tar.gz"
url_api = "https://api.github.com/repos/nushell/nushell/releases/assets/428249851"

[tools."github:nushell/nushell"."platforms.macos-arm64"]
checksum = "sha256:704cf28881fa6f18a555a12bb1955ee8d509011570a9d03b190ecf849538a3ec"
url = "https://github.com/nushell/nushell/releases/download/0.113.0/nu-0.113.0-aarch64-apple-darwin.tar.gz"
url_api = "https://api.github.com/repos/nushell/nushell/releases/assets/428248833"

[tools."github:nushell/nushell"."platforms.macos-x64"]
checksum = "sha256:12424e50fb612c3e2b341a6104fb562f32b031135c4200927a74ea5fa90b6429"
url = "https://github.com/nushell/nushell/releases/download/0.113.0/nu-0.113.0-x86_64-apple-darwin.tar.gz"
url_api = "https://api.github.com/repos/nushell/nushell/releases/assets/428250560"

[tools."github:nushell/nushell"."platforms.windows-x64"]
checksum = "sha256:40101c6399b7987526ed8b9ee57b2f8d3627b3aab079f2b9c4d983d77435e2e0"
url = "https://github.com/nushell/nushell/releases/download/0.113.0/nu-0.113.0-x86_64-pc-windows-msvc.zip"
url_api = "https://api.github.com/repos/nushell/nushell/releases/assets/428258119"

[[tools."github:orf/gping"]]
version = "gping-v1.20.1"
backend = "github:orf/gping"

[tools."github:orf/gping"."platforms.linux-arm64"]
checksum = "sha256:d8a46c8e4d66367f1d56c731698784d0fe812bac3e1ec5cef9555ab15e1497d5"
url = "https://github.com/orf/gping/releases/download/gping-v1.20.1/gping-Linux-gnu-arm64.tar.gz"
url_api = "https://api.github.com/repos/orf/gping/releases/assets/282832429"

[tools."github:orf/gping"."platforms.linux-arm64-musl"]
checksum = "sha256:930988ae8d7089e31f58c5bd6484af2117f25493bbc0bee95b47f6ed7f2e7289"
url = "https://github.com/orf/gping/releases/download/gping-v1.20.1/gping-Linux-musl-arm64.tar.gz"
url_api = "https://api.github.com/repos/orf/gping/releases/assets/282832424"

[tools."github:orf/gping"."platforms.linux-x64"]
checksum = "sha256:793a27f578e86d5358ec67fb82a1251741cd3a8ce576ccc9589891380e6c72b0"
url = "https://github.com/orf/gping/releases/download/gping-v1.20.1/gping-Linux-gnu-x86_64.tar.gz"
url_api = "https://api.github.com/repos/orf/gping/releases/assets/282832422"

[tools."github:orf/gping"."platforms.linux-x64-musl"]
checksum = "sha256:d39ce326e7b66765a9a60c85188e14f21b2809470fa3148e6eaac6c9b36600b3"
url = "https://github.com/orf/gping/releases/download/gping-v1.20.1/gping-Linux-musl-x86_64.tar.gz"
url_api = "https://api.github.com/repos/orf/gping/releases/assets/282832428"

[tools."github:orf/gping"."platforms.macos-arm64"]
checksum = "sha256:3cbfdd3653853cb4770542af7a9f259ddf93c08c507883320e4a00dfaaabca2b"
url = "https://github.com/orf/gping/releases/download/gping-v1.20.1/gping-macOS-arm64.tar.gz"
url_api = "https://api.github.com/repos/orf/gping/releases/assets/282832421"

[tools."github:orf/gping"."platforms.macos-x64"]
checksum = "sha256:5c1a7273788f5c9e47650ade9181cd5fc3bcf1978269e0826132af3b9bc69fd0"
url = "https://github.com/orf/gping/releases/download/gping-v1.20.1/gping-macOS-x86_64.tar.gz"
url_api = "https://api.github.com/repos/orf/gping/releases/assets/282832430"

[tools."github:orf/gping"."platforms.windows-x64"]
checksum = "sha256:f08559444bcd7af8d629cbad6a972dea4033a116ff9aaf0b1b2bef2a3cabb0af"
url = "https://github.com/orf/gping/releases/download/gping-v1.20.1/gping-Windows-msvc-x86_64.zip"
url_api = "https://api.github.com/repos/orf/gping/releases/assets/282832427"

[[tools."github:preiter93/wireman"]]
version = "0.3.5"
backend = "github:preiter93/wireman"

[tools."github:preiter93/wireman"."platforms.linux-arm64"]
checksum = "sha256:7c75c9b743175dd255c6baa2874245d342775fbdee8396ea567783db452337d1"
url = "https://github.com/preiter93/wireman/releases/download/v0.3.5/wireman-0.3.5-aarch64-unknown-linux-gnu.tar.gz"
url_api = "https://api.github.com/repos/preiter93/wireman/releases/assets/340133445"

[tools."github:preiter93/wireman"."platforms.linux-arm64-musl"]
checksum = "sha256:7c75c9b743175dd255c6baa2874245d342775fbdee8396ea567783db452337d1"
url = "https://github.com/preiter93/wireman/releases/download/v0.3.5/wireman-0.3.5-aarch64-unknown-linux-gnu.tar.gz"
url_api = "https://api.github.com/repos/preiter93/wireman/releases/assets/340133445"

[tools."github:preiter93/wireman"."platforms.linux-x64"]
checksum = "sha256:a0bb5c2e7164febbf9cd7d079ecd9aaac3d60fc8c45167687a8bf00885990de1"
url = "https://github.com/preiter93/wireman/releases/download/v0.3.5/wireman-0.3.5-x86_64-unknown-linux-gnu.tar.gz"
url_api = "https://api.github.com/repos/preiter93/wireman/releases/assets/340133458"

[tools."github:preiter93/wireman"."platforms.linux-x64-musl"]
checksum = "sha256:a0bb5c2e7164febbf9cd7d079ecd9aaac3d60fc8c45167687a8bf00885990de1"
url = "https://github.com/preiter93/wireman/releases/download/v0.3.5/wireman-0.3.5-x86_64-unknown-linux-gnu.tar.gz"
url_api = "https://api.github.com/repos/preiter93/wireman/releases/assets/340133458"

[tools."github:preiter93/wireman"."platforms.macos-arm64"]
checksum = "sha256:7814244e57150c8bf290cab56094b056844e1c951615dab3ff48266ff2107b2c"
url = "https://github.com/preiter93/wireman/releases/download/v0.3.5/wireman-0.3.5-aarch64-apple-darwin.tar.gz"
url_api = "https://api.github.com/repos/preiter93/wireman/releases/assets/340133423"

[tools."github:preiter93/wireman"."platforms.macos-x64"]
checksum = "sha256:47c59fdfc67e076306e06747133b81f753a48e7bc0bdb834a41294b8d67718d8"
url = "https://github.com/preiter93/wireman/releases/download/v0.3.5/wireman-0.3.5-x86_64-apple-darwin.tar.gz"
url_api = "https://api.github.com/repos/preiter93/wireman/releases/assets/340133539"

[tools."github:preiter93/wireman"."platforms.windows-x64"]
checksum = "sha256:194773cb7b3cb8a3b4d7a208a340f6ff1f8b509414a1e4e565a01085746c3e0c"
url = "https://github.com/preiter93/wireman/releases/download/v0.3.5/wireman-0.3.5-x86_64-pc-windows-msvc.zip"
url_api = "https://api.github.com/repos/preiter93/wireman/releases/assets/340133557"

[[tools."github:sharkdp/hyperfine"]]
version = "1.20.0"
backend = "github:sharkdp/hyperfine"

[tools."github:sharkdp/hyperfine"."platforms.linux-arm64"]
checksum = "sha256:90875cb1db7a1d797c311174d061728361e58fc70e3b62262a00635ac3b1997c"
url = "https://github.com/sharkdp/hyperfine/releases/download/v1.20.0/hyperfine-v1.20.0-aarch64-unknown-linux-gnu.tar.gz"
url_api = "https://api.github.com/repos/sharkdp/hyperfine/releases/assets/317832112"

[tools."github:sharkdp/hyperfine"."platforms.linux-arm64-musl"]
checksum = "sha256:90875cb1db7a1d797c311174d061728361e58fc70e3b62262a00635ac3b1997c"
url = "https://github.com/sharkdp/hyperfine/releases/download/v1.20.0/hyperfine-v1.20.0-aarch64-unknown-linux-gnu.tar.gz"
url_api = "https://api.github.com/repos/sharkdp/hyperfine/releases/assets/317832112"

[tools."github:sharkdp/hyperfine"."platforms.linux-x64"]
checksum = "sha256:63ad53934062118f5b0be11785e0bb1603d4b91667d1921f2fd8df9a8712040a"
url = "https://github.com/sharkdp/hyperfine/releases/download/v1.20.0/hyperfine-v1.20.0-x86_64-unknown-linux-gnu.tar.gz"
url_api = "https://api.github.com/repos/sharkdp/hyperfine/releases/assets/317831911"

[tools."github:sharkdp/hyperfine"."platforms.linux-x64-musl"]
checksum = "sha256:3285ec7959285288137043dd81dce0dde056227018a8277532d9a364b4f03c2b"
url = "https://github.com/sharkdp/hyperfine/releases/download/v1.20.0/hyperfine-v1.20.0-x86_64-unknown-linux-musl.tar.gz"
url_api = "https://api.github.com/repos/sharkdp/hyperfine/releases/assets/317832008"

[tools."github:sharkdp/hyperfine"."platforms.macos-arm64"]
checksum = "sha256:8ee7067016620447c9d2d6234ec9a4680f958b7ad983549b56334668f63075b5"
url = "https://github.com/sharkdp/hyperfine/releases/download/v1.20.0/hyperfine-v1.20.0-aarch64-apple-darwin.tar.gz"
url_api = "https://api.github.com/repos/sharkdp/hyperfine/releases/assets/317831785"

[tools."github:sharkdp/hyperfine"."platforms.macos-x64"]
checksum = "sha256:f58d0b90993fadfa122a351428c469ce24afef3865f027f0e6e86f0830d088f1"
url = "https://github.com/sharkdp/hyperfine/releases/download/v1.20.0/hyperfine-v1.20.0-x86_64-apple-darwin.tar.gz"
url_api = "https://api.github.com/repos/sharkdp/hyperfine/releases/assets/317832526"

[tools."github:sharkdp/hyperfine"."platforms.windows-x64"]
checksum = "sha256:2508c549b049b1d4342d08edc1cb42bfac169082b6e3069431b5bab9822dbb32"
url = "https://github.com/sharkdp/hyperfine/releases/download/v1.20.0/hyperfine-v1.20.0-x86_64-pc-windows-msvc.zip"
url_api = "https://api.github.com/repos/sharkdp/hyperfine/releases/assets/317832313"

[[tools."github:sibprogrammer/xq"]]
version = "1.4.0"
backend = "github:sibprogrammer/xq"

[tools."github:sibprogrammer/xq"."platforms.linux-arm64"]
checksum = "sha256:d511ce8cb96fd7bf2d01e172d19b5d831a49fd7d6adf4106072ccab885bc4202"
url = "https://github.com/sibprogrammer/xq/releases/download/v1.4.0/xq_1.4.0_linux_arm64.tar.gz"
url_api = "https://api.github.com/repos/sibprogrammer/xq/releases/assets/363566304"

[tools."github:sibprogrammer/xq"."platforms.linux-arm64-musl"]
checksum = "sha256:d511ce8cb96fd7bf2d01e172d19b5d831a49fd7d6adf4106072ccab885bc4202"
url = "https://github.com/sibprogrammer/xq/releases/download/v1.4.0/xq_1.4.0_linux_arm64.tar.gz"
url_api = "https://api.github.com/repos/sibprogrammer/xq/releases/assets/363566304"

[tools."github:sibprogrammer/xq"."platforms.linux-x64"]
checksum = "sha256:467e83864c3cf70a3a0754cd08070d21fa4b5fbccb8eb10ac3d7ea499fa48217"
url = "https://github.com/sibprogrammer/xq/releases/download/v1.4.0/xq_1.4.0_linux_amd64.tar.gz"
url_api = "https://api.github.com/repos/sibprogrammer/xq/releases/assets/363566303"

[tools."github:sibprogrammer/xq"."platforms.linux-x64-musl"]
checksum = "sha256:467e83864c3cf70a3a0754cd08070d21fa4b5fbccb8eb10ac3d7ea499fa48217"
url = "https://github.com/sibprogrammer/xq/releases/download/v1.4.0/xq_1.4.0_linux_amd64.tar.gz"
url_api = "https://api.github.com/repos/sibprogrammer/xq/releases/assets/363566303"

[tools."github:sibprogrammer/xq"."platforms.macos-arm64"]
checksum = "sha256:173200e7d8eabf515dfc0f8eae0717d221faeabdf591ef2810a6c0073ec7412f"
url = "https://github.com/sibprogrammer/xq/releases/download/v1.4.0/xq_1.4.0_darwin_arm64.tar.gz"
url_api = "https://api.github.com/repos/sibprogrammer/xq/releases/assets/363566287"

[tools."github:sibprogrammer/xq"."platforms.macos-x64"]
checksum = "sha256:4208f75015c7dea34d5cd1fe76c8e9d6aa24ae6a10bdfd866ea40cc33af36b01"
url = "https://github.com/sibprogrammer/xq/releases/download/v1.4.0/xq_1.4.0_darwin_amd64.tar.gz"
url_api = "https://api.github.com/repos/sibprogrammer/xq/releases/assets/363566307"

[tools."github:sibprogrammer/xq"."platforms.windows-x64"]
checksum = "sha256:836ef8e356fb9a8a67c0688d4ad287d63f0154e0c9104abf2423e9f5da5d964a"
url = "https://github.com/sibprogrammer/xq/releases/download/v1.4.0/xq_1.4.0_windows_amd64.zip"
url_api = "https://api.github.com/repos/sibprogrammer/xq/releases/assets/363566302"

[[tools.helm]]
version = "4.2.0"
backend = "aqua:helm/helm"

[tools.helm."platforms.linux-arm64"]
checksum = "sha256:1f8de130dfbd04de64978e7b852a7a547be1404956a366608276d2520b678670"
url = "https://get.helm.sh/helm-v4.2.0-linux-arm64.tar.gz"

[tools.helm."platforms.linux-arm64-musl"]
checksum = "sha256:1f8de130dfbd04de64978e7b852a7a547be1404956a366608276d2520b678670"
url = "https://get.helm.sh/helm-v4.2.0-linux-arm64.tar.gz"

[tools.helm."platforms.linux-x64"]
checksum = "sha256:97dbeb971be4ac4b27e3839976d9564c0fb35c6f3b1da89dd1e292d236af4096"
url = "https://get.helm.sh/helm-v4.2.0-linux-amd64.tar.gz"

[tools.helm."platforms.linux-x64-musl"]
checksum = "sha256:97dbeb971be4ac4b27e3839976d9564c0fb35c6f3b1da89dd1e292d236af4096"
url = "https://get.helm.sh/helm-v4.2.0-linux-amd64.tar.gz"

[tools.helm."platforms.macos-arm64"]
checksum = "sha256:f13f959015447b6bc309f9fd506509926543988a39035c088b52522ec95e2acb"
url = "https://get.helm.sh/helm-v4.2.0-darwin-arm64.tar.gz"

[tools.helm."platforms.macos-x64"]
checksum = "sha256:1376ea697140e4db316736e760d5a47d12afc1524dce704476ef06fd7fdeddc6"
url = "https://get.helm.sh/helm-v4.2.0-darwin-amd64.tar.gz"

[tools.helm."platforms.windows-x64"]
checksum = "sha256:34bf9659f8f04f3841a60131183b8e2acc44e260db4c93b889ff09718cacca6f"
url = "https://get.helm.sh/helm-v4.2.0-windows-amd64.tar.gz"

[[tools.kubectl]]
version = "1.36.1"
backend = "aqua:kubernetes/kubernetes/kubectl"

[tools.kubectl."platforms.linux-arm64"]
checksum = "sha256:59f7ee8e477fae658447607dc3c8790ac17a1b016c01c622c12070e969e2d4e7"
url = "https://dl.k8s.io/v1.36.1/bin/linux/arm64/kubectl"

[tools.kubectl."platforms.linux-arm64-musl"]
checksum = "sha256:59f7ee8e477fae658447607dc3c8790ac17a1b016c01c622c12070e969e2d4e7"
url = "https://dl.k8s.io/v1.36.1/bin/linux/arm64/kubectl"

[tools.kubectl."platforms.linux-x64"]
checksum = "sha256:629d3f410e09bf49b64ae7079f7f0bda1191efed311f7d37fdbab0ad5b0ec2b7"
url = "https://dl.k8s.io/v1.36.1/bin/linux/amd64/kubectl"

[tools.kubectl."platforms.linux-x64-musl"]
checksum = "sha256:629d3f410e09bf49b64ae7079f7f0bda1191efed311f7d37fdbab0ad5b0ec2b7"
url = "https://dl.k8s.io/v1.36.1/bin/linux/amd64/kubectl"

[tools.kubectl."platforms.macos-arm64"]
checksum = "sha256:9092778abaef3079449da4cd70ded0e4be112480c93efcdeace3155968d1d133"
url = "https://dl.k8s.io/v1.36.1/bin/darwin/arm64/kubectl"

[tools.kubectl."platforms.macos-x64"]
checksum = "sha256:b4973e90ebb00537d735b63d6f8293c1959156e6ff435f6a43c08aeaa1a2e7d7"
url = "https://dl.k8s.io/v1.36.1/bin/darwin/amd64/kubectl"

[tools.kubectl."platforms.windows-x64"]
checksum = "sha256:538f4229eee91a17b34724da7daade7687393d6988e33b723c6c306572c13900"
url = "https://dl.k8s.io/v1.36.1/bin/windows/amd64/kubectl.exe"

[[tools.lazydocker]]
version = "0.25.2"
backend = "aqua:jesseduffield/lazydocker"

[tools.lazydocker."platforms.linux-arm64"]
checksum = "sha256:005c38b685aaa557e7d646d83a3dadb5024340eeed8c6a2e1949eee6f530de23"
url = "https://github.com/jesseduffield/lazydocker/releases/download/v0.25.2/lazydocker_0.25.2_Linux_arm64.tar.gz"

[tools.lazydocker."platforms.linux-arm64-musl"]
checksum = "sha256:005c38b685aaa557e7d646d83a3dadb5024340eeed8c6a2e1949eee6f530de23"
url = "https://github.com/jesseduffield/lazydocker/releases/download/v0.25.2/lazydocker_0.25.2_Linux_arm64.tar.gz"

[tools.lazydocker."platforms.linux-x64"]
checksum = "sha256:0d9dbfc26068b218e7ed84b104748cadc6e3cf733c0afd35465306fb39b9523c"
url = "https://github.com/jesseduffield/lazydocker/releases/download/v0.25.2/lazydocker_0.25.2_Linux_x86_64.tar.gz"

[tools.lazydocker."platforms.linux-x64-musl"]
checksum = "sha256:0d9dbfc26068b218e7ed84b104748cadc6e3cf733c0afd35465306fb39b9523c"
url = "https://github.com/jesseduffield/lazydocker/releases/download/v0.25.2/lazydocker_0.25.2_Linux_x86_64.tar.gz"

[tools.lazydocker."platforms.macos-arm64"]
checksum = "sha256:4a54d7b4abdf255b2bce9806641eac5568d5b7fbc820c1b5d3f9e34ea1367d60"
url = "https://github.com/jesseduffield/lazydocker/releases/download/v0.25.2/lazydocker_0.25.2_Darwin_arm64.tar.gz"

[tools.lazydocker."platforms.macos-x64"]
checksum = "sha256:af70b6e234089aa24924db25fc201d17f224e76d334e743e4595d30cf83a013b"
url = "https://github.com/jesseduffield/lazydocker/releases/download/v0.25.2/lazydocker_0.25.2_Darwin_x86_64.tar.gz"

[tools.lazydocker."platforms.windows-x64"]
checksum = "sha256:facae8869c1bf144468191c563002162273a2c2761f052659170530cae3fa8a9"
url = "https://github.com/jesseduffield/lazydocker/releases/download/v0.25.2/lazydocker_0.25.2_Windows_x86_64.zip"

[[tools.opentofu]]
version = "1.12.1"
backend = "aqua:opentofu/opentofu"

[tools.opentofu."platforms.linux-arm64"]
checksum = "sha256:fd3bb0dd81f8dcf38fc2e84c2381a1530a944a85e0fcfede900d56b4bd3a6a1c"
url = "https://github.com/opentofu/opentofu/releases/download/v1.12.1/tofu_1.12.1_linux_arm64.tar.gz"

[tools.opentofu."platforms.linux-arm64-musl"]
checksum = "sha256:fd3bb0dd81f8dcf38fc2e84c2381a1530a944a85e0fcfede900d56b4bd3a6a1c"
url = "https://github.com/opentofu/opentofu/releases/download/v1.12.1/tofu_1.12.1_linux_arm64.tar.gz"

[tools.opentofu."platforms.linux-x64"]
checksum = "sha256:8e818ca2f14bb4ee594231c908ca77ec3415c9e194302ab0c92c8947bd908670"
url = "https://github.com/opentofu/opentofu/releases/download/v1.12.1/tofu_1.12.1_linux_amd64.tar.gz"

[tools.opentofu."platforms.linux-x64-musl"]
checksum = "sha256:8e818ca2f14bb4ee594231c908ca77ec3415c9e194302ab0c92c8947bd908670"
url = "https://github.com/opentofu/opentofu/releases/download/v1.12.1/tofu_1.12.1_linux_amd64.tar.gz"

[tools.opentofu."platforms.macos-arm64"]
checksum = "sha256:7d5c26b3fe583ae7bdaae8d07eb92eeab5fbd43fb84d3414de417ba558c43649"
url = "https://github.com/opentofu/opentofu/releases/download/v1.12.1/tofu_1.12.1_darwin_arm64.tar.gz"

[tools.opentofu."platforms.macos-x64"]
checksum = "sha256:cd99ab9686ae1af3e4b99e6aabbeb38332254f28fc4ae784b2a06d91a8741a13"
url = "https://github.com/opentofu/opentofu/releases/download/v1.12.1/tofu_1.12.1_darwin_amd64.tar.gz"

[tools.opentofu."platforms.windows-x64"]
checksum = "sha256:6b21b5bbd1def79f98364af42f89e4836a7acb4834dacc1929a34f2f4e7ab867"
url = "https://github.com/opentofu/opentofu/releases/download/v1.12.1/tofu_1.12.1_windows_amd64.tar.gz"

[[tools.terraform]]
version = "1.15.5"
backend = "aqua:hashicorp/terraform"

[tools.terraform."platforms.linux-arm64"]
checksum = "sha256:06e7b48de826146c6d9331ba35b13da12332d8392be30d1dd6b789ba4713fff0"
url = "https://releases.hashicorp.com/terraform/1.15.5/terraform_1.15.5_linux_arm64.zip"

[tools.terraform."platforms.linux-arm64-musl"]
checksum = "sha256:06e7b48de826146c6d9331ba35b13da12332d8392be30d1dd6b789ba4713fff0"
url = "https://releases.hashicorp.com/terraform/1.15.5/terraform_1.15.5_linux_arm64.zip"

[tools.terraform."platforms.linux-x64"]
checksum = "sha256:702b2136af6728c8ff037f843dd2dbce2b7ad88786b7381d1d72aefa250f601c"
url = "https://releases.hashicorp.com/terraform/1.15.5/terraform_1.15.5_linux_amd64.zip"

[tools.terraform."platforms.linux-x64-musl"]
checksum = "sha256:702b2136af6728c8ff037f843dd2dbce2b7ad88786b7381d1d72aefa250f601c"
url = "https://releases.hashicorp.com/terraform/1.15.5/terraform_1.15.5_linux_amd64.zip"

[tools.terraform."platforms.macos-arm64"]
checksum = "sha256:01137660510005b918bba82154866fbeac4393163d8277c2abe861dfb5842c3c"
url = "https://releases.hashicorp.com/terraform/1.15.5/terraform_1.15.5_darwin_arm64.zip"

[tools.terraform."platforms.macos-x64"]
checksum = "sha256:3687d07c034b3e7deed5b072cd8ae2b34835bcb139baec3fc4f5fd534dabf5ed"
url = "https://releases.hashicorp.com/terraform/1.15.5/terraform_1.15.5_darwin_amd64.zip"

[tools.terraform."platforms.windows-x64"]
checksum = "sha256:2f652dd854af7b7fbb51301afc55b5ef1d3f6e287be7889d4cc3818df891cd38"
url = "https://releases.hashicorp.com/terraform/1.15.5/terraform_1.15.5_windows_amd64.zip"
